// !$*UTF8*$!
{
	archiveVersion = 1;
	classes = {
	};
	objectVersion = 46;
	objects = {

/* Begin PBXBuildFile section */
		0A9750B31456024722C03ADA /* Pods_xjf_ios_mvvm.framework in Frameworks */ = {isa = PBXBuildFile; fileRef = 0620EFEFEDB8E1C13923E1D9 /* Pods_xjf_ios_mvvm.framework */; };
		390B4F1F1E2CB75400E72F1B /* Logger.swift in Sources */ = {isa = PBXBuildFile; fileRef = 390B4F1D1E2CB75400E72F1B /* Logger.swift */; };
		390B4F201E2CB75400E72F1B /* LogLevel.swift in Sources */ = {isa = PBXBuildFile; fileRef = 390B4F1E1E2CB75400E72F1B /* LogLevel.swift */; };
		EC29E2761E1F7DE000A9C818 /* AccountRealm.swift in Sources */ = {isa = PBXBuildFile; fileRef = EC29E2751E1F7DE000A9C818 /* AccountRealm.swift */; };
		EC29E2781E1F7E0F00A9C818 /* CredentialRealm.swift in Sources */ = {isa = PBXBuildFile; fileRef = EC29E2771E1F7E0F00A9C818 /* CredentialRealm.swift */; };
		EC29E27A1E1F7E2400A9C818 /* UserRealm.swift in Sources */ = {isa = PBXBuildFile; fileRef = EC29E2791E1F7E2400A9C818 /* UserRealm.swift */; };
		EC3745351E1BB15C00794A81 /* AppDelegate.swift in Sources */ = {isa = PBXBuildFile; fileRef = EC3745341E1BB15C00794A81 /* AppDelegate.swift */; };
		EC5B07061E1E209200151690 /* XijinfaApi.swift in Sources */ = {isa = PBXBuildFile; fileRef = EC5B07051E1E209200151690 /* XijinfaApi.swift */; };
		EC5B07081E1E258500151690 /* Network.swift in Sources */ = {isa = PBXBuildFile; fileRef = EC5B07071E1E258500151690 /* Network.swift */; };
		EC9277551E1B90A800D12F0B /* ViewController.swift in Sources */ = {isa = PBXBuildFile; fileRef = EC9277541E1B90A800D12F0B /* ViewController.swift */; };
		EC92775A1E1B90A800D12F0B /* Assets.xcassets in Resources */ = {isa = PBXBuildFile; fileRef = EC9277591E1B90A800D12F0B /* Assets.xcassets */; };
		EC92775D1E1B90A800D12F0B /* LaunchScreen.storyboard in Resources */ = {isa = PBXBuildFile; fileRef = EC92775B1E1B90A800D12F0B /* LaunchScreen.storyboard */; };
		ECB3BF801E235E72009703DF /* Banner.json in Resources */ = {isa = PBXBuildFile; fileRef = ECB3BF7F1E235E72009703DF /* Banner.json */; };
		ECB3BF821E236668009703DF /* DataManager.swift in Sources */ = {isa = PBXBuildFile; fileRef = ECB3BF811E236668009703DF /* DataManager.swift */; };
		ECC704AB1E24A46E00C257D4 /* CacheManager.swift in Sources */ = {isa = PBXBuildFile; fileRef = ECC704AA1E24A46E00C257D4 /* CacheManager.swift */; };
		ECC704B21E24AFD000C257D4 /* Banner.swift in Sources */ = {isa = PBXBuildFile; fileRef = ECC704AF1E24AFD000C257D4 /* Banner.swift */; };
		ECC704B31E24AFD000C257D4 /* BannerData.swift in Sources */ = {isa = PBXBuildFile; fileRef = ECC704B01E24AFD000C257D4 /* BannerData.swift */; };
		ECC704B41E24AFD000C257D4 /* BannerResult.swift in Sources */ = {isa = PBXBuildFile; fileRef = ECC704B11E24AFD000C257D4 /* BannerResult.swift */; };
		ECC704B61E24AFD900C257D4 /* Cover.swift in Sources */ = {isa = PBXBuildFile; fileRef = ECC704B51E24AFD900C257D4 /* Cover.swift */; };
		ECC704BA1E24E47B00C257D4 /* Secure.swift in Sources */ = {isa = PBXBuildFile; fileRef = ECC704B81E24E47B00C257D4 /* Secure.swift */; };
		ECC704BB1E24E47B00C257D4 /* SecureResult.swift in Sources */ = {isa = PBXBuildFile; fileRef = ECC704B91E24E47B00C257D4 /* SecureResult.swift */; };
		ECC704BE1E25DB7100C257D4 /* User.swift in Sources */ = {isa = PBXBuildFile; fileRef = ECC704BD1E25DB7100C257D4 /* User.swift */; };
		ECC704C31E25DB7800C257D4 /* Login.swift in Sources */ = {isa = PBXBuildFile; fileRef = ECC704C01E25DB7800C257D4 /* Login.swift */; };
		ECC704C41E25DB7800C257D4 /* LoginCredential.swift in Sources */ = {isa = PBXBuildFile; fileRef = ECC704C11E25DB7800C257D4 /* LoginCredential.swift */; };
		ECC704C51E25DB7800C257D4 /* LoginResult.swift in Sources */ = {isa = PBXBuildFile; fileRef = ECC704C21E25DB7800C257D4 /* LoginResult.swift */; };
		ECC704C71E25F79C00C257D4 /* DatabaseManager.swift in Sources */ = {isa = PBXBuildFile; fileRef = ECC704C61E25F79C00C257D4 /* DatabaseManager.swift */; };
		ECC704CA1E25F8E600C257D4 /* AccountDataMapper.swift in Sources */ = {isa = PBXBuildFile; fileRef = ECC704C91E25F8E600C257D4 /* AccountDataMapper.swift */; };
		ECC704D01E262D2600C257D4 /* AccountManager.swift in Sources */ = {isa = PBXBuildFile; fileRef = ECC704CF1E262D2600C257D4 /* AccountManager.swift */; };
/* End PBXBuildFile section */

/* Begin PBXFileReference section */
		0620EFEFEDB8E1C13923E1D9 /* Pods_xjf_ios_mvvm.framework */ = {isa = PBXFileReference; explicitFileType = wrapper.framework; includeInIndex = 0; path = Pods_xjf_ios_mvvm.framework; sourceTree = BUILT_PRODUCTS_DIR; };
		103FD5FA7E3467A92CC1C64C /* Pods-xjf-ios-mvvm.release.xcconfig */ = {isa = PBXFileReference; includeInIndex = 1; lastKnownFileType = text.xcconfig; name = "Pods-xjf-ios-mvvm.release.xcconfig"; path = "Pods/Target Support Files/Pods-xjf-ios-mvvm/Pods-xjf-ios-mvvm.release.xcconfig"; sourceTree = "<group>"; };
		390B4F1D1E2CB75400E72F1B /* Logger.swift */ = {isa = PBXFileReference; fileEncoding = 4; lastKnownFileType = sourcecode.swift; path = Logger.swift; sourceTree = "<group>"; };
		390B4F1E1E2CB75400E72F1B /* LogLevel.swift */ = {isa = PBXFileReference; fileEncoding = 4; lastKnownFileType = sourcecode.swift; path = LogLevel.swift; sourceTree = "<group>"; };
		971528448CD937E3281DDC1F /* Pods-xjf-ios-mvvm.debug.xcconfig */ = {isa = PBXFileReference; includeInIndex = 1; lastKnownFileType = text.xcconfig; name = "Pods-xjf-ios-mvvm.debug.xcconfig"; path = "Pods/Target Support Files/Pods-xjf-ios-mvvm/Pods-xjf-ios-mvvm.debug.xcconfig"; sourceTree = "<group>"; };
		EC29E2751E1F7DE000A9C818 /* AccountRealm.swift */ = {isa = PBXFileReference; fileEncoding = 4; lastKnownFileType = sourcecode.swift; path = AccountRealm.swift; sourceTree = "<group>"; };
		EC29E2771E1F7E0F00A9C818 /* CredentialRealm.swift */ = {isa = PBXFileReference; fileEncoding = 4; lastKnownFileType = sourcecode.swift; path = CredentialRealm.swift; sourceTree = "<group>"; };
		EC29E2791E1F7E2400A9C818 /* UserRealm.swift */ = {isa = PBXFileReference; fileEncoding = 4; lastKnownFileType = sourcecode.swift; path = UserRealm.swift; sourceTree = "<group>"; };
		EC3745341E1BB15C00794A81 /* AppDelegate.swift */ = {isa = PBXFileReference; fileEncoding = 4; lastKnownFileType = sourcecode.swift; path = AppDelegate.swift; sourceTree = "<group>"; };
		EC5B07051E1E209200151690 /* XijinfaApi.swift */ = {isa = PBXFileReference; fileEncoding = 4; lastKnownFileType = sourcecode.swift; path = XijinfaApi.swift; sourceTree = "<group>"; };
		EC5B07071E1E258500151690 /* Network.swift */ = {isa = PBXFileReference; fileEncoding = 4; lastKnownFileType = sourcecode.swift; path = Network.swift; sourceTree = "<group>"; };
		EC92774F1E1B90A800D12F0B /* xjf-ios-mvvm.app */ = {isa = PBXFileReference; explicitFileType = wrapper.application; includeInIndex = 0; path = "xjf-ios-mvvm.app"; sourceTree = BUILT_PRODUCTS_DIR; };
		EC9277541E1B90A800D12F0B /* ViewController.swift */ = {isa = PBXFileReference; lastKnownFileType = sourcecode.swift; path = ViewController.swift; sourceTree = "<group>"; };
		EC9277591E1B90A800D12F0B /* Assets.xcassets */ = {isa = PBXFileReference; lastKnownFileType = folder.assetcatalog; path = Assets.xcassets; sourceTree = "<group>"; };
		EC92775C1E1B90A800D12F0B /* Base */ = {isa = PBXFileReference; lastKnownFileType = file.storyboard; name = Base; path = Base.lproj/LaunchScreen.storyboard; sourceTree = "<group>"; };
		EC92775E1E1B90A800D12F0B /* Info.plist */ = {isa = PBXFileReference; lastKnownFileType = text.plist.xml; path = Info.plist; sourceTree = "<group>"; };
		ECB3BF7F1E235E72009703DF /* Banner.json */ = {isa = PBXFileReference; fileEncoding = 4; lastKnownFileType = text.json; path = Banner.json; sourceTree = "<group>"; };
		ECB3BF811E236668009703DF /* DataManager.swift */ = {isa = PBXFileReference; fileEncoding = 4; lastKnownFileType = sourcecode.swift; path = DataManager.swift; sourceTree = "<group>"; };
		ECC704AA1E24A46E00C257D4 /* CacheManager.swift */ = {isa = PBXFileReference; fileEncoding = 4; lastKnownFileType = sourcecode.swift; path = CacheManager.swift; sourceTree = "<group>"; };
		ECC704AF1E24AFD000C257D4 /* Banner.swift */ = {isa = PBXFileReference; fileEncoding = 4; lastKnownFileType = sourcecode.swift; path = Banner.swift; sourceTree = "<group>"; };
		ECC704B01E24AFD000C257D4 /* BannerData.swift */ = {isa = PBXFileReference; fileEncoding = 4; lastKnownFileType = sourcecode.swift; path = BannerData.swift; sourceTree = "<group>"; };
		ECC704B11E24AFD000C257D4 /* BannerResult.swift */ = {isa = PBXFileReference; fileEncoding = 4; lastKnownFileType = sourcecode.swift; path = BannerResult.swift; sourceTree = "<group>"; };
		ECC704B51E24AFD900C257D4 /* Cover.swift */ = {isa = PBXFileReference; fileEncoding = 4; lastKnownFileType = sourcecode.swift; path = Cover.swift; sourceTree = "<group>"; };
		ECC704B81E24E47B00C257D4 /* Secure.swift */ = {isa = PBXFileReference; fileEncoding = 4; lastKnownFileType = sourcecode.swift; path = Secure.swift; sourceTree = "<group>"; };
		ECC704B91E24E47B00C257D4 /* SecureResult.swift */ = {isa = PBXFileReference; fileEncoding = 4; lastKnownFileType = sourcecode.swift; path = SecureResult.swift; sourceTree = "<group>"; };
		ECC704BD1E25DB7100C257D4 /* User.swift */ = {isa = PBXFileReference; fileEncoding = 4; lastKnownFileType = sourcecode.swift; path = User.swift; sourceTree = "<group>"; };
		ECC704C01E25DB7800C257D4 /* Login.swift */ = {isa = PBXFileReference; fileEncoding = 4; lastKnownFileType = sourcecode.swift; path = Login.swift; sourceTree = "<group>"; };
		ECC704C11E25DB7800C257D4 /* LoginCredential.swift */ = {isa = PBXFileReference; fileEncoding = 4; lastKnownFileType = sourcecode.swift; path = LoginCredential.swift; sourceTree = "<group>"; };
		ECC704C21E25DB7800C257D4 /* LoginResult.swift */ = {isa = PBXFileReference; fileEncoding = 4; lastKnownFileType = sourcecode.swift; path = LoginResult.swift; sourceTree = "<group>"; };
		ECC704C61E25F79C00C257D4 /* DatabaseManager.swift */ = {isa = PBXFileReference; fileEncoding = 4; lastKnownFileType = sourcecode.swift; path = DatabaseManager.swift; sourceTree = "<group>"; };
		ECC704C91E25F8E600C257D4 /* AccountDataMapper.swift */ = {isa = PBXFileReference; fileEncoding = 4; lastKnownFileType = sourcecode.swift; path = AccountDataMapper.swift; sourceTree = "<group>"; };
		ECC704CF1E262D2600C257D4 /* AccountManager.swift */ = {isa = PBXFileReference; fileEncoding = 4; lastKnownFileType = sourcecode.swift; path = AccountManager.swift; sourceTree = "<group>"; };
/* End PBXFileReference section */

/* Begin PBXFrameworksBuildPhase section */
		EC92774C1E1B90A700D12F0B /* Frameworks */ = {
			isa = PBXFrameworksBuildPhase;
			buildActionMask = 2147483647;
			files = (
				0A9750B31456024722C03ADA /* Pods_xjf_ios_mvvm.framework in Frameworks */,
			);
			runOnlyForDeploymentPostprocessing = 0;
		};
/* End PBXFrameworksBuildPhase section */

/* Begin PBXGroup section */
		3654D985A31B04E5313310CF /* Pods */ = {
			isa = PBXGroup;
			children = (
				971528448CD937E3281DDC1F /* Pods-xjf-ios-mvvm.debug.xcconfig */,
				103FD5FA7E3467A92CC1C64C /* Pods-xjf-ios-mvvm.release.xcconfig */,
			);
			name = Pods;
			sourceTree = "<group>";
		};
		390B4F1B1E2CB72A00E72F1B /* Helpers */ = {
			isa = PBXGroup;
			children = (
				390B4F1C1E2CB73F00E72F1B /* Logger */,
			);
			path = Helpers;
			sourceTree = "<group>";
		};
		390B4F1C1E2CB73F00E72F1B /* Logger */ = {
			isa = PBXGroup;
			children = (
				390B4F1D1E2CB75400E72F1B /* Logger.swift */,
				390B4F1E1E2CB75400E72F1B /* LogLevel.swift */,
			);
			path = Logger;
			sourceTree = "<group>";
		};
		CE06A9BB7222D81AED949303 /* Frameworks */ = {
			isa = PBXGroup;
			children = (
				0620EFEFEDB8E1C13923E1D9 /* Pods_xjf_ios_mvvm.framework */,
			);
			name = Frameworks;
			sourceTree = "<group>";
		};
		EC29E2731E1F7CDF00A9C818 /* Database */ = {
			isa = PBXGroup;
			children = (
				ECC704C81E25F8CE00C257D4 /* Mapper */,
				EC29E2741E1F7CDF00A9C818 /* Models */,
				ECC704C61E25F79C00C257D4 /* DatabaseManager.swift */,
			);
			path = Database;
			sourceTree = "<group>";
		};
		EC29E2741E1F7CDF00A9C818 /* Models */ = {
			isa = PBXGroup;
			children = (
				EC29E2751E1F7DE000A9C818 /* AccountRealm.swift */,
				EC29E2771E1F7E0F00A9C818 /* CredentialRealm.swift */,
				EC29E2791E1F7E2400A9C818 /* UserRealm.swift */,
			);
			path = Models;
			sourceTree = "<group>";
		};
		EC3745331E1BB15C00794A81 /* App */ = {
			isa = PBXGroup;
			children = (
				EC3745341E1BB15C00794A81 /* AppDelegate.swift */,
			);
			path = App;
			sourceTree = "<group>";
		};
		EC5B07031E1E205C00151690 /* Networking */ = {
			isa = PBXGroup;
			children = (
				ECC704AC1E24AF4500C257D4 /* Models */,
				ECB3BF7E1E235E56009703DF /* SampleData */,
				EC5B07051E1E209200151690 /* XijinfaApi.swift */,
				EC5B07071E1E258500151690 /* Network.swift */,
				ECB3BF811E236668009703DF /* DataManager.swift */,
				ECC704AA1E24A46E00C257D4 /* CacheManager.swift */,
			);
			path = Networking;
			sourceTree = "<group>";
		};
		EC9277461E1B90A700D12F0B = {
			isa = PBXGroup;
			children = (
				EC9277511E1B90A800D12F0B /* xjf-ios-mvvm */,
				EC9277501E1B90A800D12F0B /* Products */,
				3654D985A31B04E5313310CF /* Pods */,
				CE06A9BB7222D81AED949303 /* Frameworks */,
			);
			sourceTree = "<group>";
		};
		EC9277501E1B90A800D12F0B /* Products */ = {
			isa = PBXGroup;
			children = (
				EC92774F1E1B90A800D12F0B /* xjf-ios-mvvm.app */,
			);
			name = Products;
			sourceTree = "<group>";
		};
		EC9277511E1B90A800D12F0B /* xjf-ios-mvvm */ = {
			isa = PBXGroup;
			children = (
				ECC704CE1E262D1C00C257D4 /* Account */,
				EC29E2731E1F7CDF00A9C818 /* Database */,
				EC5B07031E1E205C00151690 /* Networking */,
				EC3745331E1BB15C00794A81 /* App */,
				390B4F1B1E2CB72A00E72F1B /* Helpers */,
				EC9277541E1B90A800D12F0B /* ViewController.swift */,
				EC9277591E1B90A800D12F0B /* Assets.xcassets */,
				EC92775B1E1B90A800D12F0B /* LaunchScreen.storyboard */,
				EC92775E1E1B90A800D12F0B /* Info.plist */,
			);
			path = "xjf-ios-mvvm";
			sourceTree = "<group>";
		};
		ECB3BF7E1E235E56009703DF /* SampleData */ = {
			isa = PBXGroup;
			children = (
				ECB3BF7F1E235E72009703DF /* Banner.json */,
			);
			path = SampleData;
			sourceTree = "<group>";
		};
		ECC704AC1E24AF4500C257D4 /* Models */ = {
			isa = PBXGroup;
			children = (
				ECC704BF1E25DB7800C257D4 /* Login */,
				ECC704BC1E25DB7100C257D4 /* User */,
				ECC704B71E24E47B00C257D4 /* Secure */,
				ECC704AE1E24AF7200C257D4 /* Cover */,
				ECC704AD1E24AF6D00C257D4 /* Banner */,
			);
			path = Models;
			sourceTree = "<group>";
		};
		ECC704AD1E24AF6D00C257D4 /* Banner */ = {
			isa = PBXGroup;
			children = (
				ECC704AF1E24AFD000C257D4 /* Banner.swift */,
				ECC704B01E24AFD000C257D4 /* BannerData.swift */,
				ECC704B11E24AFD000C257D4 /* BannerResult.swift */,
			);
			path = Banner;
			sourceTree = "<group>";
		};
		ECC704AE1E24AF7200C257D4 /* Cover */ = {
			isa = PBXGroup;
			children = (
				ECC704B51E24AFD900C257D4 /* Cover.swift */,
			);
			path = Cover;
			sourceTree = "<group>";
		};
		ECC704B71E24E47B00C257D4 /* Secure */ = {
			isa = PBXGroup;
			children = (
				ECC704B81E24E47B00C257D4 /* Secure.swift */,
				ECC704B91E24E47B00C257D4 /* SecureResult.swift */,
			);
			path = Secure;
			sourceTree = "<group>";
		};
		ECC704BC1E25DB7100C257D4 /* User */ = {
			isa = PBXGroup;
			children = (
				ECC704BD1E25DB7100C257D4 /* User.swift */,
			);
			path = User;
			sourceTree = "<group>";
		};
		ECC704BF1E25DB7800C257D4 /* Login */ = {
			isa = PBXGroup;
			children = (
				ECC704C01E25DB7800C257D4 /* Login.swift */,
				ECC704C11E25DB7800C257D4 /* LoginCredential.swift */,
				ECC704C21E25DB7800C257D4 /* LoginResult.swift */,
			);
			path = Login;
			sourceTree = "<group>";
		};
		ECC704C81E25F8CE00C257D4 /* Mapper */ = {
			isa = PBXGroup;
			children = (
				ECC704C91E25F8E600C257D4 /* AccountDataMapper.swift */,
			);
			path = Mapper;
			sourceTree = "<group>";
		};
		ECC704CE1E262D1C00C257D4 /* Account */ = {
			isa = PBXGroup;
			children = (
				ECC704CF1E262D2600C257D4 /* AccountManager.swift */,
			);
			path = Account;
			sourceTree = "<group>";
		};
/* End PBXGroup section */

/* Begin PBXNativeTarget section */
		EC92774E1E1B90A700D12F0B /* xjf-ios-mvvm */ = {
			isa = PBXNativeTarget;
			buildConfigurationList = EC9277611E1B90A800D12F0B /* Build configuration list for PBXNativeTarget "xjf-ios-mvvm" */;
			buildPhases = (
				9AFBE8CB249A5CB3337132BE /* [CP] Check Pods Manifest.lock */,
				EC92774B1E1B90A700D12F0B /* Sources */,
				EC92774C1E1B90A700D12F0B /* Frameworks */,
				EC92774D1E1B90A700D12F0B /* Resources */,
				D2C276562F469E95E1EE20DA /* [CP] Embed Pods Frameworks */,
				A28543F29B5CBE6C9E1D5AB1 /* [CP] Copy Pods Resources */,
				EC29E2721E1F4A4A00A9C818 /* ShellScript */,
			);
			buildRules = (
			);
			dependencies = (
			);
			name = "xjf-ios-mvvm";
			productName = "xjf-ios-mvvm";
			productReference = EC92774F1E1B90A800D12F0B /* xjf-ios-mvvm.app */;
			productType = "com.apple.product-type.application";
		};
/* End PBXNativeTarget section */

/* Begin PBXProject section */
		EC9277471E1B90A700D12F0B /* Project object */ = {
			isa = PBXProject;
			attributes = {
				LastSwiftUpdateCheck = 0820;
				LastUpgradeCheck = 0820;
				ORGANIZATIONNAME = xijinfa;
				TargetAttributes = {
					EC92774E1E1B90A700D12F0B = {
						CreatedOnToolsVersion = 8.2.1;
						DevelopmentTeam = EAAM7UUL52;
						ProvisioningStyle = Manual;
					};
				};
			};
			buildConfigurationList = EC92774A1E1B90A700D12F0B /* Build configuration list for PBXProject "xjf-ios-mvvm" */;
			compatibilityVersion = "Xcode 3.2";
			developmentRegion = English;
			hasScannedForEncodings = 0;
			knownRegions = (
				en,
				Base,
			);
			mainGroup = EC9277461E1B90A700D12F0B;
			productRefGroup = EC9277501E1B90A800D12F0B /* Products */;
			projectDirPath = "";
			projectRoot = "";
			targets = (
				EC92774E1E1B90A700D12F0B /* xjf-ios-mvvm */,
			);
		};
/* End PBXProject section */

/* Begin PBXResourcesBuildPhase section */
		EC92774D1E1B90A700D12F0B /* Resources */ = {
			isa = PBXResourcesBuildPhase;
			buildActionMask = 2147483647;
			files = (
				ECB3BF801E235E72009703DF /* Banner.json in Resources */,
				EC92775D1E1B90A800D12F0B /* LaunchScreen.storyboard in Resources */,
				EC92775A1E1B90A800D12F0B /* Assets.xcassets in Resources */,
			);
			runOnlyForDeploymentPostprocessing = 0;
		};
/* End PBXResourcesBuildPhase section */

/* Begin PBXShellScriptBuildPhase section */
		9AFBE8CB249A5CB3337132BE /* [CP] Check Pods Manifest.lock */ = {
			isa = PBXShellScriptBuildPhase;
			buildActionMask = 2147483647;
			files = (
			);
			inputPaths = (
			);
			name = "[CP] Check Pods Manifest.lock";
			outputPaths = (
			);
			runOnlyForDeploymentPostprocessing = 0;
			shellPath = /bin/sh;
			shellScript = "diff \"${PODS_ROOT}/../Podfile.lock\" \"${PODS_ROOT}/Manifest.lock\" > /dev/null\nif [ $? != 0 ] ; then\n    # print error to STDERR\n    echo \"error: The sandbox is not in sync with the Podfile.lock. Run 'pod install' or update your CocoaPods installation.\" >&2\n    exit 1\nfi\n";
			showEnvVarsInLog = 0;
		};
		A28543F29B5CBE6C9E1D5AB1 /* [CP] Copy Pods Resources */ = {
			isa = PBXShellScriptBuildPhase;
			buildActionMask = 2147483647;
			files = (
			);
			inputPaths = (
			);
			name = "[CP] Copy Pods Resources";
			outputPaths = (
			);
			runOnlyForDeploymentPostprocessing = 0;
			shellPath = /bin/sh;
			shellScript = "\"${SRCROOT}/Pods/Target Support Files/Pods-xjf-ios-mvvm/Pods-xjf-ios-mvvm-resources.sh\"\n";
			showEnvVarsInLog = 0;
		};
		D2C276562F469E95E1EE20DA /* [CP] Embed Pods Frameworks */ = {
			isa = PBXShellScriptBuildPhase;
			buildActionMask = 2147483647;
			files = (
			);
			inputPaths = (
			);
			name = "[CP] Embed Pods Frameworks";
			outputPaths = (
			);
			runOnlyForDeploymentPostprocessing = 0;
			shellPath = /bin/sh;
			shellScript = "\"${SRCROOT}/Pods/Target Support Files/Pods-xjf-ios-mvvm/Pods-xjf-ios-mvvm-frameworks.sh\"\n";
			showEnvVarsInLog = 0;
		};
		EC29E2721E1F4A4A00A9C818 /* ShellScript */ = {
			isa = PBXShellScriptBuildPhase;
			buildActionMask = 2147483647;
			files = (
			);
			inputPaths = (
			);
			outputPaths = (
			);
			runOnlyForDeploymentPostprocessing = 0;
			shellPath = /bin/sh;
			shellScript = "if which swiftlint >/dev/null; then\nswiftlint\nelse\necho \"warning: SwiftLint not installed, download from https://github.com/realm/SwiftLint\"\nfi\n\n\"${PODS_ROOT}/Fabric/run\" 2821f0259f86b934d7b684195c05e9f4fcfddd53 e63a7b855f00704356cc49844a5ec77da5c52028d9e87ddfc7e814f639d87019";
		};
/* End PBXShellScriptBuildPhase section */

/* Begin PBXSourcesBuildPhase section */
		EC92774B1E1B90A700D12F0B /* Sources */ = {
			isa = PBXSourcesBuildPhase;
			buildActionMask = 2147483647;
			files = (
				ECC704C41E25DB7800C257D4 /* LoginCredential.swift in Sources */,
				ECC704D01E262D2600C257D4 /* AccountManager.swift in Sources */,
				EC29E2761E1F7DE000A9C818 /* AccountRealm.swift in Sources */,
				ECC704C31E25DB7800C257D4 /* Login.swift in Sources */,
				ECC704B31E24AFD000C257D4 /* BannerData.swift in Sources */,
				ECC704AB1E24A46E00C257D4 /* CacheManager.swift in Sources */,
				ECB3BF821E236668009703DF /* DataManager.swift in Sources */,
				ECC704BE1E25DB7100C257D4 /* User.swift in Sources */,
				ECC704BA1E24E47B00C257D4 /* Secure.swift in Sources */,
				390B4F1F1E2CB75400E72F1B /* Logger.swift in Sources */,
				ECC704BB1E24E47B00C257D4 /* SecureResult.swift in Sources */,
				EC3745351E1BB15C00794A81 /* AppDelegate.swift in Sources */,
				EC5B07061E1E209200151690 /* XijinfaApi.swift in Sources */,
				ECC704B61E24AFD900C257D4 /* Cover.swift in Sources */,
				ECC704C71E25F79C00C257D4 /* DatabaseManager.swift in Sources */,
				EC5B07081E1E258500151690 /* Network.swift in Sources */,
				ECC704CA1E25F8E600C257D4 /* AccountDataMapper.swift in Sources */,
				EC29E2781E1F7E0F00A9C818 /* CredentialRealm.swift in Sources */,
				ECC704B21E24AFD000C257D4 /* Banner.swift in Sources */,
				390B4F201E2CB75400E72F1B /* LogLevel.swift in Sources */,
				EC9277551E1B90A800D12F0B /* ViewController.swift in Sources */,
				ECC704B41E24AFD000C257D4 /* BannerResult.swift in Sources */,
				EC29E27A1E1F7E2400A9C818 /* UserRealm.swift in Sources */,
				ECC704C51E25DB7800C257D4 /* LoginResult.swift in Sources */,
			);
			runOnlyForDeploymentPostprocessing = 0;
		};
/* End PBXSourcesBuildPhase section */

/* Begin PBXVariantGroup section */
		EC92775B1E1B90A800D12F0B /* LaunchScreen.storyboard */ = {
			isa = PBXVariantGroup;
			children = (
				EC92775C1E1B90A800D12F0B /* Base */,
			);
			name = LaunchScreen.storyboard;
			sourceTree = "<group>";
		};
/* End PBXVariantGroup section */

/* Begin XCBuildConfiguration section */
		EC92775F1E1B90A800D12F0B /* Debug */ = {
			isa = XCBuildConfiguration;
			buildSettings = {
				ALWAYS_SEARCH_USER_PATHS = NO;
				CLANG_ANALYZER_NONNULL = YES;
				CLANG_CXX_LANGUAGE_STANDARD = "gnu++0x";
				CLANG_CXX_LIBRARY = "libc++";
				CLANG_ENABLE_MODULES = YES;
				CLANG_ENABLE_OBJC_ARC = YES;
				CLANG_WARN_BOOL_CONVERSION = YES;
				CLANG_WARN_CONSTANT_CONVERSION = YES;
				CLANG_WARN_DIRECT_OBJC_ISA_USAGE = YES_ERROR;
				CLANG_WARN_DOCUMENTATION_COMMENTS = YES;
				CLANG_WARN_EMPTY_BODY = YES;
				CLANG_WARN_ENUM_CONVERSION = YES;
				CLANG_WARN_INFINITE_RECURSION = YES;
				CLANG_WARN_INT_CONVERSION = YES;
				CLANG_WARN_OBJC_ROOT_CLASS = YES_ERROR;
				CLANG_WARN_SUSPICIOUS_MOVE = YES;
				CLANG_WARN_UNREACHABLE_CODE = YES;
				CLANG_WARN__DUPLICATE_METHOD_MATCH = YES;
				"CODE_SIGN_IDENTITY[sdk=iphoneos*]" = "iPhone Developer";
				COPY_PHASE_STRIP = NO;
				DEBUG_INFORMATION_FORMAT = dwarf;
				ENABLE_STRICT_OBJC_MSGSEND = YES;
				ENABLE_TESTABILITY = YES;
				GCC_C_LANGUAGE_STANDARD = gnu99;
				GCC_DYNAMIC_NO_PIC = NO;
				GCC_NO_COMMON_BLOCKS = YES;
				GCC_OPTIMIZATION_LEVEL = 0;
				GCC_PREPROCESSOR_DEFINITIONS = (
					"DEBUG=1",
					"$(inherited)",
				);
				GCC_WARN_64_TO_32_BIT_CONVERSION = YES;
				GCC_WARN_ABOUT_RETURN_TYPE = YES_ERROR;
				GCC_WARN_UNDECLARED_SELECTOR = YES;
				GCC_WARN_UNINITIALIZED_AUTOS = YES_AGGRESSIVE;
				GCC_WARN_UNUSED_FUNCTION = YES;
				GCC_WARN_UNUSED_VARIABLE = YES;
				IPHONEOS_DEPLOYMENT_TARGET = 8.0;
				MTL_ENABLE_DEBUG_INFO = YES;
				ONLY_ACTIVE_ARCH = YES;
				SDKROOT = iphoneos;
				SWIFT_ACTIVE_COMPILATION_CONDITIONS = DEBUG;
				SWIFT_OPTIMIZATION_LEVEL = "-Onone";
			};
			name = Debug;
		};
		EC9277601E1B90A800D12F0B /* Release */ = {
			isa = XCBuildConfiguration;
			buildSettings = {
				ALWAYS_SEARCH_USER_PATHS = NO;
				CLANG_ANALYZER_NONNULL = YES;
				CLANG_CXX_LANGUAGE_STANDARD = "gnu++0x";
				CLANG_CXX_LIBRARY = "libc++";
				CLANG_ENABLE_MODULES = YES;
				CLANG_ENABLE_OBJC_ARC = YES;
				CLANG_WARN_BOOL_CONVERSION = YES;
				CLANG_WARN_CONSTANT_CONVERSION = YES;
				CLANG_WARN_DIRECT_OBJC_ISA_USAGE = YES_ERROR;
				CLANG_WARN_DOCUMENTATION_COMMENTS = YES;
				CLANG_WARN_EMPTY_BODY = YES;
				CLANG_WARN_ENUM_CONVERSION = YES;
				CLANG_WARN_INFINITE_RECURSION = YES;
				CLANG_WARN_INT_CONVERSION = YES;
				CLANG_WARN_OBJC_ROOT_CLASS = YES_ERROR;
				CLANG_WARN_SUSPICIOUS_MOVE = YES;
				CLANG_WARN_UNREACHABLE_CODE = YES;
				CLANG_WARN__DUPLICATE_METHOD_MATCH = YES;
				"CODE_SIGN_IDENTITY[sdk=iphoneos*]" = "iPhone Developer";
				COPY_PHASE_STRIP = NO;
				DEBUG_INFORMATION_FORMAT = "dwarf-with-dsym";
				ENABLE_NS_ASSERTIONS = NO;
				ENABLE_STRICT_OBJC_MSGSEND = YES;
				GCC_C_LANGUAGE_STANDARD = gnu99;
				GCC_NO_COMMON_BLOCKS = YES;
				GCC_WARN_64_TO_32_BIT_CONVERSION = YES;
				GCC_WARN_ABOUT_RETURN_TYPE = YES_ERROR;
				GCC_WARN_UNDECLARED_SELECTOR = YES;
				GCC_WARN_UNINITIALIZED_AUTOS = YES_AGGRESSIVE;
				GCC_WARN_UNUSED_FUNCTION = YES;
				GCC_WARN_UNUSED_VARIABLE = YES;
				IPHONEOS_DEPLOYMENT_TARGET = 8.0;
				MTL_ENABLE_DEBUG_INFO = NO;
				SDKROOT = iphoneos;
				SWIFT_OPTIMIZATION_LEVEL = "-Owholemodule";
				VALIDATE_PRODUCT = YES;
			};
			name = Release;
		};
		EC9277621E1B90A800D12F0B /* Debug */ = {
			isa = XCBuildConfiguration;
			baseConfigurationReference = 971528448CD937E3281DDC1F /* Pods-xjf-ios-mvvm.debug.xcconfig */;
			buildSettings = {
				ASSETCATALOG_COMPILER_APPICON_NAME = AppIcon;
				"CODE_SIGN_IDENTITY[sdk=iphoneos*]" = "iPhone Distribution";
				CURRENT_PROJECT_VERSION = 170117.0221;
				DEVELOPMENT_TEAM = EAAM7UUL52;
				INFOPLIST_FILE = "xjf-ios-mvvm/Info.plist";
				LD_RUNPATH_SEARCH_PATHS = "$(inherited) @executable_path/Frameworks";
				PRODUCT_BUNDLE_IDENTIFIER = com.xijinfa.odyssey;
				PRODUCT_NAME = "$(TARGET_NAME)";
				PROVISIONING_PROFILE = "95668cbc-3a5b-46cf-8175-60d613b605f0";
				PROVISIONING_PROFILE_SPECIFIER = "match AppStore com.xijinfa.odyssey";
				SWIFT_VERSION = 3.0;
			};
			name = Debug;
		};
		EC9277631E1B90A800D12F0B /* Release */ = {
			isa = XCBuildConfiguration;
			baseConfigurationReference = 103FD5FA7E3467A92CC1C64C /* Pods-xjf-ios-mvvm.release.xcconfig */;
			buildSettings = {
				ASSETCATALOG_COMPILER_APPICON_NAME = AppIcon;
				"CODE_SIGN_IDENTITY[sdk=iphoneos*]" = "iPhone Distribution";
				CURRENT_PROJECT_VERSION = 170117.0221;
				DEVELOPMENT_TEAM = EAAM7UUL52;
				INFOPLIST_FILE = "xjf-ios-mvvm/Info.plist";
				LD_RUNPATH_SEARCH_PATHS = "$(inherited) @executable_path/Frameworks";
				PRODUCT_BUNDLE_IDENTIFIER = com.xijinfa.odyssey;
				PRODUCT_NAME = "$(TARGET_NAME)";
				PROVISIONING_PROFILE = "95668cbc-3a5b-46cf-8175-60d613b605f0";
				PROVISIONING_PROFILE_SPECIFIER = "match AppStore com.xijinfa.odyssey";
				SWIFT_VERSION = 3.0;
			};
			name = Release;
		};
/* End XCBuildConfiguration section */

/* Begin XCConfigurationList section */
		EC92774A1E1B90A700D12F0B /* Build configuration list for PBXProject "xjf-ios-mvvm" */ = {
			isa = XCConfigurationList;
			buildConfigurations = (
				EC92775F1E1B90A800D12F0B /* Debug */,
				EC9277601E1B90A800D12F0B /* Release */,
			);
			defaultConfigurationIsVisible = 0;
			defaultConfigurationName = Release;
		};
		EC9277611E1B90A800D12F0B /* Build configuration list for PBXNativeTarget "xjf-ios-mvvm" */ = {
			isa = XCConfigurationList;
			buildConfigurations = (
				EC9277621E1B90A800D12F0B /* Debug */,
				EC9277631E1B90A800D12F0B /* Release */,
			);
			defaultConfigurationIsVisible = 0;
			defaultConfigurationName = Release;
		};
/* End XCConfigurationList section */
	};
	rootObject = EC9277471E1B90A700D12F0B /* Project object */;
}
