// !$*UTF8*$!
{
	archiveVersion = 1;
	classes = {
	};
	objectVersion = 46;
	objects = {

/* Begin PBXBuildFile section */
		0D4959961E5D7C9F00311057 /* AppData.framework in Frameworks */ = {isa = PBXBuildFile; fileRef = 0D4959951E5D7C9F00311057 /* AppData.framework */; };
		130D259D69130F09A24FA780 /* HomeInteractorOutput.swift in Sources */ = {isa = PBXBuildFile; fileRef = 6F1F3339AD9220ABED50EDD9 /* HomeInteractorOutput.swift */; };
		2BAA2A3E3F43F1E8B17EBEC0 /* HomeRouterInput.swift in Sources */ = {isa = PBXBuildFile; fileRef = 50F57BD6D94EB9018D8ABDB5 /* HomeRouterInput.swift */; };
		2C82BDB1EBCFA313BF2FACB6 /* CarouselPresenter.swift in Sources */ = {isa = PBXBuildFile; fileRef = 1734B091A5C18BA5EA591033 /* CarouselPresenter.swift */; };
		33AB4F5013A8E832F2B60E18 /* WebViewController.swift in Sources */ = {isa = PBXBuildFile; fileRef = ADA1A8CD3DC065BB2653FE43 /* WebViewController.swift */; };
		38F101755BE3F2E6527517F7 /* CarouselInteractorOutput.swift in Sources */ = {isa = PBXBuildFile; fileRef = 967FB91D5526A35447D5953D /* CarouselInteractorOutput.swift */; };
		39CFA6861E543B0300D1B46B /* UIViewController+Extra.swift in Sources */ = {isa = PBXBuildFile; fileRef = 39CFA6851E543B0300D1B46B /* UIViewController+Extra.swift */; };
		3E2B392928EB0F45CED3A3D2 /* CarouselInteractor.swift in Sources */ = {isa = PBXBuildFile; fileRef = 52BC48839768D872B8CE4091 /* CarouselInteractor.swift */; };
		56F5AC345D04D7F7B846C063 /* HomePresenter.swift in Sources */ = {isa = PBXBuildFile; fileRef = BF12B68379BC28811472C0B4 /* HomePresenter.swift */; };
		61686E6EB440459975E07DE4 /* HomeConfigurator.swift in Sources */ = {isa = PBXBuildFile; fileRef = DD3C9B439B7C9E894606713E /* HomeConfigurator.swift */; };
		666E32C53D1A1CD2FCCC273F /* CarouselModuleInput.swift in Sources */ = {isa = PBXBuildFile; fileRef = 226ED87F3B7F4F74E56D470A /* CarouselModuleInput.swift */; };
		6A3EF020A5A55EB61C17D70F /* HomeViewOutput.swift in Sources */ = {isa = PBXBuildFile; fileRef = 6537991A03BBF7ACFA42C78C /* HomeViewOutput.swift */; };
		6C14B3435FCDEABE91F167D9 /* HomeRouter.swift in Sources */ = {isa = PBXBuildFile; fileRef = 4835F9BD1068856E56D1D16C /* HomeRouter.swift */; };
		872590CC85C643D3934BA0F4 /* HomeViewInput.swift in Sources */ = {isa = PBXBuildFile; fileRef = 3A91D4C11CE5DEBAF276E50D /* HomeViewInput.swift */; };
		904BFAB6509BDEA6DCACBD20 /* HomeModuleInput.swift in Sources */ = {isa = PBXBuildFile; fileRef = E199C7BF498338854A3155C2 /* HomeModuleInput.swift */; };
		958884C5B88BE1ACF7376649 /* HomeInitializer.swift in Sources */ = {isa = PBXBuildFile; fileRef = F0764FDFB5199C0558DBFFBB /* HomeInitializer.swift */; };
		97BDDB59AE6EED4D0F5B4469 /* Pods_Dependency_xjf_ios_mvvm.framework in Frameworks */ = {isa = PBXBuildFile; fileRef = 5A47A7FF3C36D8E0B3AE68F2 /* Pods_Dependency_xjf_ios_mvvm.framework */; };
		A063EB28C5B12094635A393B /* HomeInteractorInput.swift in Sources */ = {isa = PBXBuildFile; fileRef = D9C617BD540C605DD14CB730 /* HomeInteractorInput.swift */; };
		CCAB440EF2AF2E92B4F7ED2D /* HomeViewController.swift in Sources */ = {isa = PBXBuildFile; fileRef = 7EAAE0FDB0CB20A37B8433C7 /* HomeViewController.swift */; };
		D23D8264E6797AC9CF85E419 /* CarouselViewInput.swift in Sources */ = {isa = PBXBuildFile; fileRef = 9B8087E2F4E1A9F16A44263F /* CarouselViewInput.swift */; };
		DD85C291AB50F8E2AB1F1AA5 /* HomeInteractor.swift in Sources */ = {isa = PBXBuildFile; fileRef = 67C28D10803A3A30B4547F30 /* HomeInteractor.swift */; };
		DDD9432F783255D1AFCD6645 /* CarouselConfigurator.swift in Sources */ = {isa = PBXBuildFile; fileRef = 4A0ADB5E63D7D8943F4DA736 /* CarouselConfigurator.swift */; };
		E33973251278A110D2D8EE5A /* CarouselInteractorInput.swift in Sources */ = {isa = PBXBuildFile; fileRef = DF3B7821179EFA3482835AE4 /* CarouselInteractorInput.swift */; };
		E7A2287CF86AD667D2E08B3F /* CarouselViewOutput.swift in Sources */ = {isa = PBXBuildFile; fileRef = 92060E2D79D3FFA7638EEA49 /* CarouselViewOutput.swift */; };
		EADAC0C2EDD8999A9C3D51CE /* CarouselViewController.swift in Sources */ = {isa = PBXBuildFile; fileRef = 41D4E79A5FC41B6D67700A4D /* CarouselViewController.swift */; };
		EC1BF2711E53F07B0032765D /* MainRouter.swift in Sources */ = {isa = PBXBuildFile; fileRef = EC1BF2701E53F07B0032765D /* MainRouter.swift */; };
		EC1BF2781E53F60F0032765D /* StringHelper.swift in Sources */ = {isa = PBXBuildFile; fileRef = EC1BF2771E53F60F0032765D /* StringHelper.swift */; };
		EC2696BE1E4828710067EBEC /* WikiCardView.swift in Sources */ = {isa = PBXBuildFile; fileRef = EC2696BD1E4828710067EBEC /* WikiCardView.swift */; };
		EC2696C01E482AAA0067EBEC /* CommonCardHeaderView.swift in Sources */ = {isa = PBXBuildFile; fileRef = EC2696BF1E482AAA0067EBEC /* CommonCardHeaderView.swift */; };
		EC2696C71E4847D20067EBEC /* UIColor.swift in Sources */ = {isa = PBXBuildFile; fileRef = EC2696C61E4847D20067EBEC /* UIColor.swift */; };
		EC3745351E1BB15C00794A81 /* AppDelegate.swift in Sources */ = {isa = PBXBuildFile; fileRef = EC3745341E1BB15C00794A81 /* AppDelegate.swift */; };
		EC9277551E1B90A800D12F0B /* ViewController.swift in Sources */ = {isa = PBXBuildFile; fileRef = EC9277541E1B90A800D12F0B /* ViewController.swift */; };
		EC92775A1E1B90A800D12F0B /* Assets.xcassets in Resources */ = {isa = PBXBuildFile; fileRef = EC9277591E1B90A800D12F0B /* Assets.xcassets */; };
		ECA1DE471E2F353200E48DFD /* LaunchScreen.storyboard in Resources */ = {isa = PBXBuildFile; fileRef = ECA1DE461E2F353200E48DFD /* LaunchScreen.storyboard */; };
		ECA1DE491E2F355B00E48DFD /* Images.xcassets in Resources */ = {isa = PBXBuildFile; fileRef = ECA1DE481E2F355B00E48DFD /* Images.xcassets */; };
		ECA1DE521E2F440700E48DFD /* iCarousel.m in Sources */ = {isa = PBXBuildFile; fileRef = ECA1DE511E2F440700E48DFD /* iCarousel.m */; };
		ECA1DE541E2F448100E48DFD /* QuartzCore.framework in Frameworks */ = {isa = PBXBuildFile; fileRef = ECA1DE531E2F448100E48DFD /* QuartzCore.framework */; };
		ECA1DE6E1E31C33300E48DFD /* UITests.swift in Sources */ = {isa = PBXBuildFile; fileRef = ECA1DE6D1E31C33300E48DFD /* UITests.swift */; };
		ECA1DE761E31C3E000E48DFD /* SnapshotHelper.swift in Sources */ = {isa = PBXBuildFile; fileRef = ECA1DE751E31C3E000E48DFD /* SnapshotHelper.swift */; };
		ECC2263C1E442D5800E9BA3A /* Dictionary.swift in Sources */ = {isa = PBXBuildFile; fileRef = ECC2263B1E442D5800E9BA3A /* Dictionary.swift */; };
		ECC704D01E262D2600C257D4 /* AccountManager.swift in Sources */ = {isa = PBXBuildFile; fileRef = ECC704CF1E262D2600C257D4 /* AccountManager.swift */; };
		ECD729A31E52E76E0068DD2E /* UIView.swift in Sources */ = {isa = PBXBuildFile; fileRef = ECD729A21E52E76E0068DD2E /* UIView.swift */; };
/* End PBXBuildFile section */

/* Begin PBXContainerItemProxy section */
		ECA1DE701E31C33300E48DFD /* PBXContainerItemProxy */ = {
			isa = PBXContainerItemProxy;
			containerPortal = EC9277471E1B90A700D12F0B /* Project object */;
			proxyType = 1;
			remoteGlobalIDString = EC92774E1E1B90A700D12F0B;
			remoteInfo = "xjf-ios-mvvm";
		};
/* End PBXContainerItemProxy section */

/* Begin PBXFileReference section */
		0620EFEFEDB8E1C13923E1D9 /* Pods_xjf_ios_mvvm.framework */ = {isa = PBXFileReference; explicitFileType = wrapper.framework; includeInIndex = 0; path = Pods_xjf_ios_mvvm.framework; sourceTree = BUILT_PRODUCTS_DIR; };
		0D4959951E5D7C9F00311057 /* AppData.framework */ = {isa = PBXFileReference; lastKnownFileType = wrapper.framework; name = AppData.framework; path = "AppData/build/Debug-iphoneos/AppData.framework"; sourceTree = "<group>"; };
		103FD5FA7E3467A92CC1C64C /* Pods-xjf-ios-mvvm.release.xcconfig */ = {isa = PBXFileReference; includeInIndex = 1; lastKnownFileType = text.xcconfig; name = "Pods-xjf-ios-mvvm.release.xcconfig"; path = "Pods/Target Support Files/Pods-xjf-ios-mvvm/Pods-xjf-ios-mvvm.release.xcconfig"; sourceTree = "<group>"; };
		1734B091A5C18BA5EA591033 /* CarouselPresenter.swift */ = {isa = PBXFileReference; includeInIndex = 1; lastKnownFileType = sourcecode.swift; path = CarouselPresenter.swift; sourceTree = "<group>"; };
		189412844BF999D831B90812 /* Pods-Dependency-xjf-ios-mvvm.release.xcconfig */ = {isa = PBXFileReference; includeInIndex = 1; lastKnownFileType = text.xcconfig; name = "Pods-Dependency-xjf-ios-mvvm.release.xcconfig"; path = "Pods/Target Support Files/Pods-Dependency-xjf-ios-mvvm/Pods-Dependency-xjf-ios-mvvm.release.xcconfig"; sourceTree = "<group>"; };
		226ED87F3B7F4F74E56D470A /* CarouselModuleInput.swift */ = {isa = PBXFileReference; includeInIndex = 1; lastKnownFileType = sourcecode.swift; path = CarouselModuleInput.swift; sourceTree = "<group>"; };
		39CFA6851E543B0300D1B46B /* UIViewController+Extra.swift */ = {isa = PBXFileReference; fileEncoding = 4; lastKnownFileType = sourcecode.swift; path = "UIViewController+Extra.swift"; sourceTree = "<group>"; };
		3A91D4C11CE5DEBAF276E50D /* HomeViewInput.swift */ = {isa = PBXFileReference; includeInIndex = 1; lastKnownFileType = sourcecode.swift; path = HomeViewInput.swift; sourceTree = "<group>"; };
		41D4E79A5FC41B6D67700A4D /* CarouselViewController.swift */ = {isa = PBXFileReference; includeInIndex = 1; lastKnownFileType = sourcecode.swift; path = CarouselViewController.swift; sourceTree = "<group>"; };
		4835F9BD1068856E56D1D16C /* HomeRouter.swift */ = {isa = PBXFileReference; includeInIndex = 1; lastKnownFileType = sourcecode.swift; path = HomeRouter.swift; sourceTree = "<group>"; };
		4A0ADB5E63D7D8943F4DA736 /* CarouselConfigurator.swift */ = {isa = PBXFileReference; includeInIndex = 1; lastKnownFileType = sourcecode.swift; path = CarouselConfigurator.swift; sourceTree = "<group>"; };
		50F57BD6D94EB9018D8ABDB5 /* HomeRouterInput.swift */ = {isa = PBXFileReference; includeInIndex = 1; lastKnownFileType = sourcecode.swift; path = HomeRouterInput.swift; sourceTree = "<group>"; };
		52BC48839768D872B8CE4091 /* CarouselInteractor.swift */ = {isa = PBXFileReference; includeInIndex = 1; lastKnownFileType = sourcecode.swift; path = CarouselInteractor.swift; sourceTree = "<group>"; };
		5A47A7FF3C36D8E0B3AE68F2 /* Pods_Dependency_xjf_ios_mvvm.framework */ = {isa = PBXFileReference; explicitFileType = wrapper.framework; includeInIndex = 0; path = Pods_Dependency_xjf_ios_mvvm.framework; sourceTree = BUILT_PRODUCTS_DIR; };
		6537991A03BBF7ACFA42C78C /* HomeViewOutput.swift */ = {isa = PBXFileReference; includeInIndex = 1; lastKnownFileType = sourcecode.swift; path = HomeViewOutput.swift; sourceTree = "<group>"; };
		67C28D10803A3A30B4547F30 /* HomeInteractor.swift */ = {isa = PBXFileReference; includeInIndex = 1; lastKnownFileType = sourcecode.swift; path = HomeInteractor.swift; sourceTree = "<group>"; };
		6F1F3339AD9220ABED50EDD9 /* HomeInteractorOutput.swift */ = {isa = PBXFileReference; includeInIndex = 1; lastKnownFileType = sourcecode.swift; path = HomeInteractorOutput.swift; sourceTree = "<group>"; };
		7EAAE0FDB0CB20A37B8433C7 /* HomeViewController.swift */ = {isa = PBXFileReference; includeInIndex = 1; lastKnownFileType = sourcecode.swift; path = HomeViewController.swift; sourceTree = "<group>"; };
		92060E2D79D3FFA7638EEA49 /* CarouselViewOutput.swift */ = {isa = PBXFileReference; includeInIndex = 1; lastKnownFileType = sourcecode.swift; path = CarouselViewOutput.swift; sourceTree = "<group>"; };
		967FB91D5526A35447D5953D /* CarouselInteractorOutput.swift */ = {isa = PBXFileReference; includeInIndex = 1; lastKnownFileType = sourcecode.swift; path = CarouselInteractorOutput.swift; sourceTree = "<group>"; };
		971528448CD937E3281DDC1F /* Pods-xjf-ios-mvvm.debug.xcconfig */ = {isa = PBXFileReference; includeInIndex = 1; lastKnownFileType = text.xcconfig; name = "Pods-xjf-ios-mvvm.debug.xcconfig"; path = "Pods/Target Support Files/Pods-xjf-ios-mvvm/Pods-xjf-ios-mvvm.debug.xcconfig"; sourceTree = "<group>"; };
		9B8087E2F4E1A9F16A44263F /* CarouselViewInput.swift */ = {isa = PBXFileReference; includeInIndex = 1; lastKnownFileType = sourcecode.swift; path = CarouselViewInput.swift; sourceTree = "<group>"; };
		A6824AF2E022D40AF8BEBA69 /* Pods-Dependency-xjf-ios-mvvm.debug.xcconfig */ = {isa = PBXFileReference; includeInIndex = 1; lastKnownFileType = text.xcconfig; name = "Pods-Dependency-xjf-ios-mvvm.debug.xcconfig"; path = "Pods/Target Support Files/Pods-Dependency-xjf-ios-mvvm/Pods-Dependency-xjf-ios-mvvm.debug.xcconfig"; sourceTree = "<group>"; };
		ADA1A8CD3DC065BB2653FE43 /* WebViewController.swift */ = {isa = PBXFileReference; includeInIndex = 1; lastKnownFileType = sourcecode.swift; path = WebViewController.swift; sourceTree = "<group>"; };
		BF12B68379BC28811472C0B4 /* HomePresenter.swift */ = {isa = PBXFileReference; includeInIndex = 1; lastKnownFileType = sourcecode.swift; path = HomePresenter.swift; sourceTree = "<group>"; };
		D9C617BD540C605DD14CB730 /* HomeInteractorInput.swift */ = {isa = PBXFileReference; includeInIndex = 1; lastKnownFileType = sourcecode.swift; path = HomeInteractorInput.swift; sourceTree = "<group>"; };
		DD3C9B439B7C9E894606713E /* HomeConfigurator.swift */ = {isa = PBXFileReference; includeInIndex = 1; lastKnownFileType = sourcecode.swift; path = HomeConfigurator.swift; sourceTree = "<group>"; };
		DF3B7821179EFA3482835AE4 /* CarouselInteractorInput.swift */ = {isa = PBXFileReference; includeInIndex = 1; lastKnownFileType = sourcecode.swift; path = CarouselInteractorInput.swift; sourceTree = "<group>"; };
		E199C7BF498338854A3155C2 /* HomeModuleInput.swift */ = {isa = PBXFileReference; includeInIndex = 1; lastKnownFileType = sourcecode.swift; path = HomeModuleInput.swift; sourceTree = "<group>"; };
		EC1BF2701E53F07B0032765D /* MainRouter.swift */ = {isa = PBXFileReference; fileEncoding = 4; lastKnownFileType = sourcecode.swift; path = MainRouter.swift; sourceTree = "<group>"; };
		EC1BF2771E53F60F0032765D /* StringHelper.swift */ = {isa = PBXFileReference; fileEncoding = 4; lastKnownFileType = sourcecode.swift; path = StringHelper.swift; sourceTree = "<group>"; };
		EC2696BD1E4828710067EBEC /* WikiCardView.swift */ = {isa = PBXFileReference; fileEncoding = 4; lastKnownFileType = sourcecode.swift; path = WikiCardView.swift; sourceTree = "<group>"; };
		EC2696BF1E482AAA0067EBEC /* CommonCardHeaderView.swift */ = {isa = PBXFileReference; fileEncoding = 4; lastKnownFileType = sourcecode.swift; path = CommonCardHeaderView.swift; sourceTree = "<group>"; };
		EC2696C61E4847D20067EBEC /* UIColor.swift */ = {isa = PBXFileReference; fileEncoding = 4; lastKnownFileType = sourcecode.swift; path = UIColor.swift; sourceTree = "<group>"; };
		EC3745341E1BB15C00794A81 /* AppDelegate.swift */ = {isa = PBXFileReference; fileEncoding = 4; lastKnownFileType = sourcecode.swift; path = AppDelegate.swift; sourceTree = "<group>"; };
		EC92774F1E1B90A800D12F0B /* xjf-ios-mvvm.app */ = {isa = PBXFileReference; explicitFileType = wrapper.application; includeInIndex = 0; path = "xjf-ios-mvvm.app"; sourceTree = BUILT_PRODUCTS_DIR; };
		EC9277541E1B90A800D12F0B /* ViewController.swift */ = {isa = PBXFileReference; lastKnownFileType = sourcecode.swift; path = ViewController.swift; sourceTree = "<group>"; };
		EC9277591E1B90A800D12F0B /* Assets.xcassets */ = {isa = PBXFileReference; lastKnownFileType = folder.assetcatalog; path = Assets.xcassets; sourceTree = "<group>"; };
		EC92775E1E1B90A800D12F0B /* Info.plist */ = {isa = PBXFileReference; lastKnownFileType = text.plist.xml; path = Info.plist; sourceTree = "<group>"; };
		ECA1DE461E2F353200E48DFD /* LaunchScreen.storyboard */ = {isa = PBXFileReference; fileEncoding = 4; lastKnownFileType = file.storyboard; path = LaunchScreen.storyboard; sourceTree = "<group>"; };
		ECA1DE481E2F355B00E48DFD /* Images.xcassets */ = {isa = PBXFileReference; lastKnownFileType = folder.assetcatalog; path = Images.xcassets; sourceTree = "<group>"; };
		ECA1DE4F1E2F440600E48DFD /* xjf-ios-mvvm-Bridging-Header.h */ = {isa = PBXFileReference; lastKnownFileType = sourcecode.c.h; path = "xjf-ios-mvvm-Bridging-Header.h"; sourceTree = "<group>"; };
		ECA1DE501E2F440700E48DFD /* iCarousel.h */ = {isa = PBXFileReference; fileEncoding = 4; lastKnownFileType = sourcecode.c.h; path = iCarousel.h; sourceTree = "<group>"; };
		ECA1DE511E2F440700E48DFD /* iCarousel.m */ = {isa = PBXFileReference; fileEncoding = 4; lastKnownFileType = sourcecode.c.objc; path = iCarousel.m; sourceTree = "<group>"; };
		ECA1DE531E2F448100E48DFD /* QuartzCore.framework */ = {isa = PBXFileReference; lastKnownFileType = wrapper.framework; name = QuartzCore.framework; path = System/Library/Frameworks/QuartzCore.framework; sourceTree = SDKROOT; };
		ECA1DE6B1E31C33300E48DFD /* UITests.xctest */ = {isa = PBXFileReference; explicitFileType = wrapper.cfbundle; includeInIndex = 0; path = UITests.xctest; sourceTree = BUILT_PRODUCTS_DIR; };
		ECA1DE6D1E31C33300E48DFD /* UITests.swift */ = {isa = PBXFileReference; lastKnownFileType = sourcecode.swift; path = UITests.swift; sourceTree = "<group>"; };
		ECA1DE6F1E31C33300E48DFD /* Info.plist */ = {isa = PBXFileReference; lastKnownFileType = text.plist.xml; path = Info.plist; sourceTree = "<group>"; };
		ECA1DE751E31C3E000E48DFD /* SnapshotHelper.swift */ = {isa = PBXFileReference; fileEncoding = 4; lastKnownFileType = sourcecode.swift; name = SnapshotHelper.swift; path = UITests/SnapshotHelper.swift; sourceTree = SOURCE_ROOT; };
		ECC2263B1E442D5800E9BA3A /* Dictionary.swift */ = {isa = PBXFileReference; fileEncoding = 4; lastKnownFileType = sourcecode.swift; path = Dictionary.swift; sourceTree = "<group>"; };
		ECC704CF1E262D2600C257D4 /* AccountManager.swift */ = {isa = PBXFileReference; fileEncoding = 4; lastKnownFileType = sourcecode.swift; path = AccountManager.swift; sourceTree = "<group>"; };
		ECD729A21E52E76E0068DD2E /* UIView.swift */ = {isa = PBXFileReference; fileEncoding = 4; lastKnownFileType = sourcecode.swift; path = UIView.swift; sourceTree = "<group>"; };
		F0764FDFB5199C0558DBFFBB /* HomeInitializer.swift */ = {isa = PBXFileReference; includeInIndex = 1; lastKnownFileType = sourcecode.swift; path = HomeInitializer.swift; sourceTree = "<group>"; };
/* End PBXFileReference section */

/* Begin PBXFrameworksBuildPhase section */
		EC92774C1E1B90A700D12F0B /* Frameworks */ = {
			isa = PBXFrameworksBuildPhase;
			buildActionMask = 2147483647;
			files = (
				0D4959961E5D7C9F00311057 /* AppData.framework in Frameworks */,
				ECA1DE541E2F448100E48DFD /* QuartzCore.framework in Frameworks */,
				97BDDB59AE6EED4D0F5B4469 /* Pods_Dependency_xjf_ios_mvvm.framework in Frameworks */,
			);
			runOnlyForDeploymentPostprocessing = 0;
		};
		ECA1DE681E31C33300E48DFD /* Frameworks */ = {
			isa = PBXFrameworksBuildPhase;
			buildActionMask = 2147483647;
			files = (
			);
			runOnlyForDeploymentPostprocessing = 0;
		};
/* End PBXFrameworksBuildPhase section */

/* Begin PBXGroup section */
		16C95DADE9D818DBFBD51B2F /* Presenter */ = {
			isa = PBXGroup;
			children = (
				226ED87F3B7F4F74E56D470A /* CarouselModuleInput.swift */,
				1734B091A5C18BA5EA591033 /* CarouselPresenter.swift */,
			);
			path = Presenter;
			sourceTree = "<group>";
		};
		1CD17E2D69AFA22F8D5AC1E7 /* View */ = {
			isa = PBXGroup;
			children = (
				3A91D4C11CE5DEBAF276E50D /* HomeViewInput.swift */,
				6537991A03BBF7ACFA42C78C /* HomeViewOutput.swift */,
				7EAAE0FDB0CB20A37B8433C7 /* HomeViewController.swift */,
			);
			path = View;
			sourceTree = "<group>";
		};
		22548ADD5C1C97C20D6DC4A1 /* Interactor */ = {
			isa = PBXGroup;
			children = (
				DF3B7821179EFA3482835AE4 /* CarouselInteractorInput.swift */,
				967FB91D5526A35447D5953D /* CarouselInteractorOutput.swift */,
				52BC48839768D872B8CE4091 /* CarouselInteractor.swift */,
			);
			path = Interactor;
			sourceTree = "<group>";
		};
		3654D985A31B04E5313310CF /* Pods */ = {
			isa = PBXGroup;
			children = (
				971528448CD937E3281DDC1F /* Pods-xjf-ios-mvvm.debug.xcconfig */,
				103FD5FA7E3467A92CC1C64C /* Pods-xjf-ios-mvvm.release.xcconfig */,
				A6824AF2E022D40AF8BEBA69 /* Pods-Dependency-xjf-ios-mvvm.debug.xcconfig */,
				189412844BF999D831B90812 /* Pods-Dependency-xjf-ios-mvvm.release.xcconfig */,
			);
			name = Pods;
			sourceTree = "<group>";
		};
		390B4F1B1E2CB72A00E72F1B /* Helpers */ = {
			isa = PBXGroup;
			children = (
				EC1BF2741E53F5CC0032765D /* String */,
			);
			path = Helpers;
			sourceTree = "<group>";
		};
		50285ADC8CA0AE968EC09B9F /* Configurator */ = {
			isa = PBXGroup;
			children = (
				4A0ADB5E63D7D8943F4DA736 /* CarouselConfigurator.swift */,
			);
			path = Configurator;
			sourceTree = "<group>";
		};
		55039A6DD507AEC995C165F3 /* Carousel */ = {
			isa = PBXGroup;
			children = (
				B4E9A721AE8809F79BB0A56D /* View */,
				16C95DADE9D818DBFBD51B2F /* Presenter */,
				22548ADD5C1C97C20D6DC4A1 /* Interactor */,
				50285ADC8CA0AE968EC09B9F /* Configurator */,
			);
			path = Carousel;
			sourceTree = "<group>";
		};
		6449B30F71741F449563EBFF /* Home */ = {
			isa = PBXGroup;
			children = (
				1CD17E2D69AFA22F8D5AC1E7 /* View */,
				AD75237E12CA6CF6B47AEB50 /* Presenter */,
				7736F2EC8945ABE299231985 /* Interactor */,
				FAE6B052371C4740D3402670 /* Router */,
				B474EE4C5A505322250DD52F /* Configurator */,
			);
			path = Home;
			sourceTree = "<group>";
		};
		7736F2EC8945ABE299231985 /* Interactor */ = {
			isa = PBXGroup;
			children = (
				D9C617BD540C605DD14CB730 /* HomeInteractorInput.swift */,
				6F1F3339AD9220ABED50EDD9 /* HomeInteractorOutput.swift */,
				67C28D10803A3A30B4547F30 /* HomeInteractor.swift */,
			);
			path = Interactor;
			sourceTree = "<group>";
		};
		7F2A0FAA8E3EFFCE8783E4BA /* Web */ = {
			isa = PBXGroup;
			children = (
				B53273500D8F6871478BDEBB /* View */,
			);
			path = Web;
			sourceTree = "<group>";
		};
		8742B61EA674817F5E9A7887 /* Modules */ = {
			isa = PBXGroup;
			children = (
				6449B30F71741F449563EBFF /* Home */,
				55039A6DD507AEC995C165F3 /* Carousel */,
				7F2A0FAA8E3EFFCE8783E4BA /* Web */,
			);
			path = Modules;
			sourceTree = "<group>";
		};
		AD75237E12CA6CF6B47AEB50 /* Presenter */ = {
			isa = PBXGroup;
			children = (
				E199C7BF498338854A3155C2 /* HomeModuleInput.swift */,
				BF12B68379BC28811472C0B4 /* HomePresenter.swift */,
			);
			path = Presenter;
			sourceTree = "<group>";
		};
		B474EE4C5A505322250DD52F /* Configurator */ = {
			isa = PBXGroup;
			children = (
				DD3C9B439B7C9E894606713E /* HomeConfigurator.swift */,
				F0764FDFB5199C0558DBFFBB /* HomeInitializer.swift */,
			);
			path = Configurator;
			sourceTree = "<group>";
		};
		B4E9A721AE8809F79BB0A56D /* View */ = {
			isa = PBXGroup;
			children = (
				9B8087E2F4E1A9F16A44263F /* CarouselViewInput.swift */,
				92060E2D79D3FFA7638EEA49 /* CarouselViewOutput.swift */,
				41D4E79A5FC41B6D67700A4D /* CarouselViewController.swift */,
			);
			path = View;
			sourceTree = "<group>";
		};
		B53273500D8F6871478BDEBB /* View */ = {
			isa = PBXGroup;
			children = (
				ADA1A8CD3DC065BB2653FE43 /* WebViewController.swift */,
			);
			path = View;
			sourceTree = "<group>";
		};
		CE06A9BB7222D81AED949303 /* Frameworks */ = {
			isa = PBXGroup;
			children = (
				0D4959951E5D7C9F00311057 /* AppData.framework */,
				ECA1DE531E2F448100E48DFD /* QuartzCore.framework */,
				0620EFEFEDB8E1C13923E1D9 /* Pods_xjf_ios_mvvm.framework */,
				5A47A7FF3C36D8E0B3AE68F2 /* Pods_Dependency_xjf_ios_mvvm.framework */,
			);
			name = Frameworks;
			sourceTree = "<group>";
		};
		EC1BF26F1E53F0120032765D /* Router */ = {
			isa = PBXGroup;
			children = (
				EC1BF2701E53F07B0032765D /* MainRouter.swift */,
			);
			name = Router;
			path = "xjf-ios-mvvm/Router";
			sourceTree = SOURCE_ROOT;
		};
		EC1BF2741E53F5CC0032765D /* String */ = {
			isa = PBXGroup;
			children = (
				EC1BF2771E53F60F0032765D /* StringHelper.swift */,
			);
			path = String;
			sourceTree = "<group>";
		};
		EC2696BA1E48281C0067EBEC /* Views */ = {
			isa = PBXGroup;
			children = (
				EC2696BD1E4828710067EBEC /* WikiCardView.swift */,
				EC2696BF1E482AAA0067EBEC /* CommonCardHeaderView.swift */,
			);
			path = Views;
			sourceTree = "<group>";
		};
		EC3745331E1BB15C00794A81 /* App */ = {
			isa = PBXGroup;
			children = (
				EC3745341E1BB15C00794A81 /* AppDelegate.swift */,
			);
			path = App;
			sourceTree = "<group>";
		};
		EC9277461E1B90A700D12F0B = {
			isa = PBXGroup;
			children = (
				ECA1DE6C1E31C33300E48DFD /* UITests */,
				EC9277511E1B90A800D12F0B /* xjf-ios-mvvm */,
				EC9277501E1B90A800D12F0B /* Products */,
				3654D985A31B04E5313310CF /* Pods */,
				CE06A9BB7222D81AED949303 /* Frameworks */,
			);
			sourceTree = "<group>";
		};
		EC9277501E1B90A800D12F0B /* Products */ = {
			isa = PBXGroup;
			children = (
				EC92774F1E1B90A800D12F0B /* xjf-ios-mvvm.app */,
				ECA1DE6B1E31C33300E48DFD /* UITests.xctest */,
			);
			name = Products;
			sourceTree = "<group>";
		};
		EC9277511E1B90A800D12F0B /* xjf-ios-mvvm */ = {
			isa = PBXGroup;
			children = (
				EC1BF26F1E53F0120032765D /* Router */,
				EC2696BA1E48281C0067EBEC /* Views */,
				ECC2263A1E442D3800E9BA3A /* Extensions */,
				ECA1DE4C1E2F433600E48DFD /* Common */,
				ECA1DE451E2F344C00E48DFD /* Resources */,
				8742B61EA674817F5E9A7887 /* Modules */,
				ECC704CE1E262D1C00C257D4 /* Account */,
				EC3745331E1BB15C00794A81 /* App */,
				390B4F1B1E2CB72A00E72F1B /* Helpers */,
				EC9277541E1B90A800D12F0B /* ViewController.swift */,
			);
			path = "xjf-ios-mvvm";
			sourceTree = "<group>";
		};
		ECA1DE451E2F344C00E48DFD /* Resources */ = {
			isa = PBXGroup;
			children = (
				ECA1DE481E2F355B00E48DFD /* Images.xcassets */,
				EC9277591E1B90A800D12F0B /* Assets.xcassets */,
				EC92775E1E1B90A800D12F0B /* Info.plist */,
				ECA1DE461E2F353200E48DFD /* LaunchScreen.storyboard */,
			);
			path = Resources;
			sourceTree = "<group>";
		};
		ECA1DE4C1E2F433600E48DFD /* Common */ = {
			isa = PBXGroup;
			children = (
				ECA1DE4D1E2F433600E48DFD /* Views */,
			);
			path = Common;
			sourceTree = "<group>";
		};
		ECA1DE4D1E2F433600E48DFD /* Views */ = {
			isa = PBXGroup;
			children = (
				ECA1DE4E1E2F437900E48DFD /* iCarousel */,
			);
			path = Views;
			sourceTree = "<group>";
		};
		ECA1DE4E1E2F437900E48DFD /* iCarousel */ = {
			isa = PBXGroup;
			children = (
				ECA1DE501E2F440700E48DFD /* iCarousel.h */,
				ECA1DE511E2F440700E48DFD /* iCarousel.m */,
				ECA1DE4F1E2F440600E48DFD /* xjf-ios-mvvm-Bridging-Header.h */,
			);
			path = iCarousel;
			sourceTree = "<group>";
		};
		ECA1DE6C1E31C33300E48DFD /* UITests */ = {
			isa = PBXGroup;
			children = (
				ECA1DE6D1E31C33300E48DFD /* UITests.swift */,
				ECA1DE751E31C3E000E48DFD /* SnapshotHelper.swift */,
				ECA1DE6F1E31C33300E48DFD /* Info.plist */,
			);
			path = UITests;
			sourceTree = "<group>";
		};
		ECC2263A1E442D3800E9BA3A /* Extensions */ = {
			isa = PBXGroup;
			children = (
				ECC2263B1E442D5800E9BA3A /* Dictionary.swift */,
				EC2696C61E4847D20067EBEC /* UIColor.swift */,
				ECD729A21E52E76E0068DD2E /* UIView.swift */,
				39CFA6851E543B0300D1B46B /* UIViewController+Extra.swift */,
			);
			path = Extensions;
			sourceTree = "<group>";
		};
		ECC704CE1E262D1C00C257D4 /* Account */ = {
			isa = PBXGroup;
			children = (
				ECC704CF1E262D2600C257D4 /* AccountManager.swift */,
			);
			path = Account;
			sourceTree = "<group>";
		};
		FAE6B052371C4740D3402670 /* Router */ = {
			isa = PBXGroup;
			children = (
				50F57BD6D94EB9018D8ABDB5 /* HomeRouterInput.swift */,
				4835F9BD1068856E56D1D16C /* HomeRouter.swift */,
			);
			path = Router;
			sourceTree = "<group>";
		};
/* End PBXGroup section */

/* Begin PBXNativeTarget section */
		EC92774E1E1B90A700D12F0B /* xjf-ios-mvvm */ = {
			isa = PBXNativeTarget;
			buildConfigurationList = EC9277611E1B90A800D12F0B /* Build configuration list for PBXNativeTarget "xjf-ios-mvvm" */;
			buildPhases = (
				9AFBE8CB249A5CB3337132BE /* [CP] Check Pods Manifest.lock */,
				EC92774B1E1B90A700D12F0B /* Sources */,
				EC92774C1E1B90A700D12F0B /* Frameworks */,
				EC92774D1E1B90A700D12F0B /* Resources */,
				D2C276562F469E95E1EE20DA /* [CP] Embed Pods Frameworks */,
				A28543F29B5CBE6C9E1D5AB1 /* [CP] Copy Pods Resources */,
				EC29E2721E1F4A4A00A9C818 /* ShellScript */,
			);
			buildRules = (
			);
			dependencies = (
			);
			name = "xjf-ios-mvvm";
			productName = "xjf-ios-mvvm";
			productReference = EC92774F1E1B90A800D12F0B /* xjf-ios-mvvm.app */;
			productType = "com.apple.product-type.application";
		};
		ECA1DE6A1E31C33300E48DFD /* UITests */ = {
			isa = PBXNativeTarget;
			buildConfigurationList = ECA1DE741E31C33400E48DFD /* Build configuration list for PBXNativeTarget "UITests" */;
			buildPhases = (
				ECA1DE671E31C33300E48DFD /* Sources */,
				ECA1DE681E31C33300E48DFD /* Frameworks */,
				ECA1DE691E31C33300E48DFD /* Resources */,
			);
			buildRules = (
			);
			dependencies = (
				ECA1DE711E31C33300E48DFD /* PBXTargetDependency */,
			);
			name = UITests;
			productName = UITests;
			productReference = ECA1DE6B1E31C33300E48DFD /* UITests.xctest */;
			productType = "com.apple.product-type.bundle.ui-testing";
		};
/* End PBXNativeTarget section */

/* Begin PBXProject section */
		EC9277471E1B90A700D12F0B /* Project object */ = {
			isa = PBXProject;
			attributes = {
				LastSwiftUpdateCheck = 0820;
				LastUpgradeCheck = 0820;
				ORGANIZATIONNAME = xijinfa;
				TargetAttributes = {
					EC92774E1E1B90A700D12F0B = {
						CreatedOnToolsVersion = 8.2.1;
						DevelopmentTeam = EAAM7UUL52;
						LastSwiftMigration = 0820;
						ProvisioningStyle = Manual;
					};
					ECA1DE6A1E31C33300E48DFD = {
						CreatedOnToolsVersion = 8.2.1;
						ProvisioningStyle = Automatic;
						TestTargetID = EC92774E1E1B90A700D12F0B;
					};
				};
			};
			buildConfigurationList = EC92774A1E1B90A700D12F0B /* Build configuration list for PBXProject "xjf-ios-mvvm" */;
			compatibilityVersion = "Xcode 3.2";
			developmentRegion = English;
			hasScannedForEncodings = 0;
			knownRegions = (
				en,
				Base,
			);
			mainGroup = EC9277461E1B90A700D12F0B;
			productRefGroup = EC9277501E1B90A800D12F0B /* Products */;
			projectDirPath = "";
			projectRoot = "";
			targets = (
				EC92774E1E1B90A700D12F0B /* xjf-ios-mvvm */,
				ECA1DE6A1E31C33300E48DFD /* UITests */,
			);
		};
/* End PBXProject section */

/* Begin PBXResourcesBuildPhase section */
		EC92774D1E1B90A700D12F0B /* Resources */ = {
			isa = PBXResourcesBuildPhase;
			buildActionMask = 2147483647;
			files = (
				ECA1DE471E2F353200E48DFD /* LaunchScreen.storyboard in Resources */,
				ECA1DE491E2F355B00E48DFD /* Images.xcassets in Resources */,
				EC92775A1E1B90A800D12F0B /* Assets.xcassets in Resources */,
			);
			runOnlyForDeploymentPostprocessing = 0;
		};
		ECA1DE691E31C33300E48DFD /* Resources */ = {
			isa = PBXResourcesBuildPhase;
			buildActionMask = 2147483647;
			files = (
			);
			runOnlyForDeploymentPostprocessing = 0;
		};
/* End PBXResourcesBuildPhase section */

/* Begin PBXShellScriptBuildPhase section */
		9AFBE8CB249A5CB3337132BE /* [CP] Check Pods Manifest.lock */ = {
			isa = PBXShellScriptBuildPhase;
			buildActionMask = 2147483647;
			files = (
			);
			inputPaths = (
				"${PODS_PODFILE_DIR_PATH}/Podfile.lock",
				"${PODS_ROOT}/Manifest.lock",
			);
			name = "[CP] Check Pods Manifest.lock";
			outputPaths = (
				"$(DERIVED_FILE_DIR)/Pods-Dependency-xjf-ios-mvvm-checkManifestLockResult.txt",
			);
			runOnlyForDeploymentPostprocessing = 0;
			shellPath = /bin/sh;
			shellScript = "diff \"${PODS_PODFILE_DIR_PATH}/Podfile.lock\" \"${PODS_ROOT}/Manifest.lock\" > /dev/null\nif [ $? != 0 ] ; then\n    # print error to STDERR\n    echo \"error: The sandbox is not in sync with the Podfile.lock. Run 'pod install' or update your CocoaPods installation.\" >&2\n    exit 1\nfi\n# This output is used by Xcode 'outputs' to avoid re-running this script phase.\necho \"SUCCESS\" > \"${SCRIPT_OUTPUT_FILE_0}\"\n";
			showEnvVarsInLog = 0;
		};
		A28543F29B5CBE6C9E1D5AB1 /* [CP] Copy Pods Resources */ = {
			isa = PBXShellScriptBuildPhase;
			buildActionMask = 2147483647;
			files = (
			);
			inputPaths = (
			);
			name = "[CP] Copy Pods Resources";
			outputPaths = (
			);
			runOnlyForDeploymentPostprocessing = 0;
			shellPath = /bin/sh;
			shellScript = "\"${SRCROOT}/Pods/Target Support Files/Pods-Dependency-xjf-ios-mvvm/Pods-Dependency-xjf-ios-mvvm-resources.sh\"\n";
			showEnvVarsInLog = 0;
		};
		D2C276562F469E95E1EE20DA /* [CP] Embed Pods Frameworks */ = {
			isa = PBXShellScriptBuildPhase;
			buildActionMask = 2147483647;
			files = (
			);
			inputPaths = (
				"${SRCROOT}/Pods/Target Support Files/Pods-Dependency-xjf-ios-mvvm/Pods-Dependency-xjf-ios-mvvm-frameworks.sh",
				"${BUILT_PRODUCTS_DIR}/Alamofire/Alamofire.framework",
				"${BUILT_PRODUCTS_DIR}/AwesomeCache/AwesomeCache.framework",
				"${BUILT_PRODUCTS_DIR}/Cell+Rx/Cell_Rx.framework",
				"${BUILT_PRODUCTS_DIR}/Kingfisher/Kingfisher.framework",
				"${BUILT_PRODUCTS_DIR}/Moya/Moya.framework",
				"${BUILT_PRODUCTS_DIR}/Moya-ObjectMapper/Moya_ObjectMapper.framework",
				"${BUILT_PRODUCTS_DIR}/ObjectMapper/ObjectMapper.framework",
				"${BUILT_PRODUCTS_DIR}/PullToRefresher/PullToRefresh.framework",
				"${BUILT_PRODUCTS_DIR}/Realm/Realm.framework",
				"${BUILT_PRODUCTS_DIR}/RealmSwift/RealmSwift.framework",
				"${BUILT_PRODUCTS_DIR}/Result/Result.framework",
				"${BUILT_PRODUCTS_DIR}/RxAlamofire/RxAlamofire.framework",
				"${BUILT_PRODUCTS_DIR}/RxCocoa/RxCocoa.framework",
				"${BUILT_PRODUCTS_DIR}/RxOptional/RxOptional.framework",
				"${BUILT_PRODUCTS_DIR}/RxResult/RxResult.framework",
				"${BUILT_PRODUCTS_DIR}/RxSwift/RxSwift.framework",
				"${BUILT_PRODUCTS_DIR}/SnapKit/SnapKit.framework",
			);
			name = "[CP] Embed Pods Frameworks";
			outputPaths = (
				"${TARGET_BUILD_DIR}/${FRAMEWORKS_FOLDER_PATH}/Alamofire.framework",
				"${TARGET_BUILD_DIR}/${FRAMEWORKS_FOLDER_PATH}/AwesomeCache.framework",
				"${TARGET_BUILD_DIR}/${FRAMEWORKS_FOLDER_PATH}/Cell_Rx.framework",
				"${TARGET_BUILD_DIR}/${FRAMEWORKS_FOLDER_PATH}/Kingfisher.framework",
				"${TARGET_BUILD_DIR}/${FRAMEWORKS_FOLDER_PATH}/Moya.framework",
				"${TARGET_BUILD_DIR}/${FRAMEWORKS_FOLDER_PATH}/Moya_ObjectMapper.framework",
				"${TARGET_BUILD_DIR}/${FRAMEWORKS_FOLDER_PATH}/ObjectMapper.framework",
				"${TARGET_BUILD_DIR}/${FRAMEWORKS_FOLDER_PATH}/PullToRefresh.framework",
				"${TARGET_BUILD_DIR}/${FRAMEWORKS_FOLDER_PATH}/Realm.framework",
				"${TARGET_BUILD_DIR}/${FRAMEWORKS_FOLDER_PATH}/RealmSwift.framework",
				"${TARGET_BUILD_DIR}/${FRAMEWORKS_FOLDER_PATH}/Result.framework",
				"${TARGET_BUILD_DIR}/${FRAMEWORKS_FOLDER_PATH}/RxAlamofire.framework",
				"${TARGET_BUILD_DIR}/${FRAMEWORKS_FOLDER_PATH}/RxCocoa.framework",
				"${TARGET_BUILD_DIR}/${FRAMEWORKS_FOLDER_PATH}/RxOptional.framework",
				"${TARGET_BUILD_DIR}/${FRAMEWORKS_FOLDER_PATH}/RxResult.framework",
				"${TARGET_BUILD_DIR}/${FRAMEWORKS_FOLDER_PATH}/RxSwift.framework",
				"${TARGET_BUILD_DIR}/${FRAMEWORKS_FOLDER_PATH}/SnapKit.framework",
			);
			runOnlyForDeploymentPostprocessing = 0;
			shellPath = /bin/sh;
			shellScript = "\"${SRCROOT}/Pods/Target Support Files/Pods-Dependency-xjf-ios-mvvm/Pods-Dependency-xjf-ios-mvvm-frameworks.sh\"\n";
			showEnvVarsInLog = 0;
		};
		EC29E2721E1F4A4A00A9C818 /* ShellScript */ = {
			isa = PBXShellScriptBuildPhase;
			buildActionMask = 2147483647;
			files = (
			);
			inputPaths = (
			);
			outputPaths = (
			);
			runOnlyForDeploymentPostprocessing = 0;
			shellPath = /bin/sh;
			shellScript = "if which swiftlint >/dev/null; then\nswiftlint\nelse\necho \"warning: SwiftLint not installed, download from https://github.com/realm/SwiftLint\"\nfi\n\n\"${PODS_ROOT}/Fabric/run\" 2821f0259f86b934d7b684195c05e9f4fcfddd53 e63a7b855f00704356cc49844a5ec77da5c52028d9e87ddfc7e814f639d87019";
		};
/* End PBXShellScriptBuildPhase section */

/* Begin PBXSourcesBuildPhase section */
		EC92774B1E1B90A700D12F0B /* Sources */ = {
			isa = PBXSourcesBuildPhase;
			buildActionMask = 2147483647;
			files = (
				ECC704D01E262D2600C257D4 /* AccountManager.swift in Sources */,
				EC1BF2711E53F07B0032765D /* MainRouter.swift in Sources */,
				ECC2263C1E442D5800E9BA3A /* Dictionary.swift in Sources */,
				EC3745351E1BB15C00794A81 /* AppDelegate.swift in Sources */,
				EC2696C71E4847D20067EBEC /* UIColor.swift in Sources */,
				EC1BF2781E53F60F0032765D /* StringHelper.swift in Sources */,
				EC9277551E1B90A800D12F0B /* ViewController.swift in Sources */,
				ECA1DE521E2F440700E48DFD /* iCarousel.m in Sources */,
				EC2696BE1E4828710067EBEC /* WikiCardView.swift in Sources */,
				872590CC85C643D3934BA0F4 /* HomeViewInput.swift in Sources */,
				6A3EF020A5A55EB61C17D70F /* HomeViewOutput.swift in Sources */,
				CCAB440EF2AF2E92B4F7ED2D /* HomeViewController.swift in Sources */,
				904BFAB6509BDEA6DCACBD20 /* HomeModuleInput.swift in Sources */,
				EC2696C01E482AAA0067EBEC /* CommonCardHeaderView.swift in Sources */,
				56F5AC345D04D7F7B846C063 /* HomePresenter.swift in Sources */,
				A063EB28C5B12094635A393B /* HomeInteractorInput.swift in Sources */,
				130D259D69130F09A24FA780 /* HomeInteractorOutput.swift in Sources */,
				DD85C291AB50F8E2AB1F1AA5 /* HomeInteractor.swift in Sources */,
				2BAA2A3E3F43F1E8B17EBEC0 /* HomeRouterInput.swift in Sources */,
				6C14B3435FCDEABE91F167D9 /* HomeRouter.swift in Sources */,
				61686E6EB440459975E07DE4 /* HomeConfigurator.swift in Sources */,
				ECD729A31E52E76E0068DD2E /* UIView.swift in Sources */,
				958884C5B88BE1ACF7376649 /* HomeInitializer.swift in Sources */,
				D23D8264E6797AC9CF85E419 /* CarouselViewInput.swift in Sources */,
				E7A2287CF86AD667D2E08B3F /* CarouselViewOutput.swift in Sources */,
				EADAC0C2EDD8999A9C3D51CE /* CarouselViewController.swift in Sources */,
				666E32C53D1A1CD2FCCC273F /* CarouselModuleInput.swift in Sources */,
				2C82BDB1EBCFA313BF2FACB6 /* CarouselPresenter.swift in Sources */,
				E33973251278A110D2D8EE5A /* CarouselInteractorInput.swift in Sources */,
				38F101755BE3F2E6527517F7 /* CarouselInteractorOutput.swift in Sources */,
				3E2B392928EB0F45CED3A3D2 /* CarouselInteractor.swift in Sources */,
				39CFA6861E543B0300D1B46B /* UIViewController+Extra.swift in Sources */,
				DDD9432F783255D1AFCD6645 /* CarouselConfigurator.swift in Sources */,
				33AB4F5013A8E832F2B60E18 /* WebViewController.swift in Sources */,
			);
			runOnlyForDeploymentPostprocessing = 0;
		};
		ECA1DE671E31C33300E48DFD /* Sources */ = {
			isa = PBXSourcesBuildPhase;
			buildActionMask = 2147483647;
			files = (
				ECA1DE6E1E31C33300E48DFD /* UITests.swift in Sources */,
				ECA1DE761E31C3E000E48DFD /* SnapshotHelper.swift in Sources */,
			);
			runOnlyForDeploymentPostprocessing = 0;
		};
/* End PBXSourcesBuildPhase section */

/* Begin PBXTargetDependency section */
		ECA1DE711E31C33300E48DFD /* PBXTargetDependency */ = {
			isa = PBXTargetDependency;
			target = EC92774E1E1B90A700D12F0B /* xjf-ios-mvvm */;
			targetProxy = ECA1DE701E31C33300E48DFD /* PBXContainerItemProxy */;
		};
/* End PBXTargetDependency section */

/* Begin XCBuildConfiguration section */
		EC92775F1E1B90A800D12F0B /* Debug */ = {
			isa = XCBuildConfiguration;
			buildSettings = {
				ALWAYS_SEARCH_USER_PATHS = NO;
				CLANG_ANALYZER_NONNULL = YES;
				CLANG_CXX_LANGUAGE_STANDARD = "gnu++0x";
				CLANG_CXX_LIBRARY = "libc++";
				CLANG_ENABLE_MODULES = YES;
				CLANG_ENABLE_OBJC_ARC = YES;
				CLANG_WARN_BOOL_CONVERSION = YES;
				CLANG_WARN_CONSTANT_CONVERSION = YES;
				CLANG_WARN_DIRECT_OBJC_ISA_USAGE = YES_ERROR;
				CLANG_WARN_DOCUMENTATION_COMMENTS = YES;
				CLANG_WARN_EMPTY_BODY = YES;
				CLANG_WARN_ENUM_CONVERSION = YES;
				CLANG_WARN_INFINITE_RECURSION = YES;
				CLANG_WARN_INT_CONVERSION = YES;
				CLANG_WARN_OBJC_ROOT_CLASS = YES_ERROR;
				CLANG_WARN_SUSPICIOUS_MOVE = YES;
				CLANG_WARN_UNREACHABLE_CODE = YES;
				CLANG_WARN__DUPLICATE_METHOD_MATCH = YES;
				"CODE_SIGN_IDENTITY[sdk=iphoneos*]" = "iPhone Developer";
				COPY_PHASE_STRIP = NO;
				DEBUG_INFORMATION_FORMAT = dwarf;
				ENABLE_STRICT_OBJC_MSGSEND = YES;
				ENABLE_TESTABILITY = YES;
				GCC_C_LANGUAGE_STANDARD = gnu99;
				GCC_DYNAMIC_NO_PIC = NO;
				GCC_NO_COMMON_BLOCKS = YES;
				GCC_OPTIMIZATION_LEVEL = 0;
				GCC_PREPROCESSOR_DEFINITIONS = (
					"DEBUG=1",
					"$(inherited)",
				);
				GCC_WARN_64_TO_32_BIT_CONVERSION = YES;
				GCC_WARN_ABOUT_RETURN_TYPE = YES_ERROR;
				GCC_WARN_UNDECLARED_SELECTOR = YES;
				GCC_WARN_UNINITIALIZED_AUTOS = YES_AGGRESSIVE;
				GCC_WARN_UNUSED_FUNCTION = YES;
				GCC_WARN_UNUSED_VARIABLE = YES;
				IPHONEOS_DEPLOYMENT_TARGET = 8.0;
				MTL_ENABLE_DEBUG_INFO = YES;
				ONLY_ACTIVE_ARCH = YES;
				SDKROOT = iphoneos;
				SWIFT_ACTIVE_COMPILATION_CONDITIONS = DEBUG;
				SWIFT_OPTIMIZATION_LEVEL = "-Onone";
			};
			name = Debug;
		};
		EC9277601E1B90A800D12F0B /* Release */ = {
			isa = XCBuildConfiguration;
			buildSettings = {
				ALWAYS_SEARCH_USER_PATHS = NO;
				CLANG_ANALYZER_NONNULL = YES;
				CLANG_CXX_LANGUAGE_STANDARD = "gnu++0x";
				CLANG_CXX_LIBRARY = "libc++";
				CLANG_ENABLE_MODULES = YES;
				CLANG_ENABLE_OBJC_ARC = YES;
				CLANG_WARN_BOOL_CONVERSION = YES;
				CLANG_WARN_CONSTANT_CONVERSION = YES;
				CLANG_WARN_DIRECT_OBJC_ISA_USAGE = YES_ERROR;
				CLANG_WARN_DOCUMENTATION_COMMENTS = YES;
				CLANG_WARN_EMPTY_BODY = YES;
				CLANG_WARN_ENUM_CONVERSION = YES;
				CLANG_WARN_INFINITE_RECURSION = YES;
				CLANG_WARN_INT_CONVERSION = YES;
				CLANG_WARN_OBJC_ROOT_CLASS = YES_ERROR;
				CLANG_WARN_SUSPICIOUS_MOVE = YES;
				CLANG_WARN_UNREACHABLE_CODE = YES;
				CLANG_WARN__DUPLICATE_METHOD_MATCH = YES;
				"CODE_SIGN_IDENTITY[sdk=iphoneos*]" = "iPhone Developer";
				COPY_PHASE_STRIP = NO;
				DEBUG_INFORMATION_FORMAT = "dwarf-with-dsym";
				ENABLE_NS_ASSERTIONS = NO;
				ENABLE_STRICT_OBJC_MSGSEND = YES;
				GCC_C_LANGUAGE_STANDARD = gnu99;
				GCC_NO_COMMON_BLOCKS = YES;
				GCC_WARN_64_TO_32_BIT_CONVERSION = YES;
				GCC_WARN_ABOUT_RETURN_TYPE = YES_ERROR;
				GCC_WARN_UNDECLARED_SELECTOR = YES;
				GCC_WARN_UNINITIALIZED_AUTOS = YES_AGGRESSIVE;
				GCC_WARN_UNUSED_FUNCTION = YES;
				GCC_WARN_UNUSED_VARIABLE = YES;
				IPHONEOS_DEPLOYMENT_TARGET = 8.0;
				MTL_ENABLE_DEBUG_INFO = NO;
				SDKROOT = iphoneos;
				SWIFT_OPTIMIZATION_LEVEL = "-Owholemodule";
				VALIDATE_PRODUCT = YES;
			};
			name = Release;
		};
		EC9277621E1B90A800D12F0B /* Debug */ = {
			isa = XCBuildConfiguration;
			baseConfigurationReference = A6824AF2E022D40AF8BEBA69 /* Pods-Dependency-xjf-ios-mvvm.debug.xcconfig */;
			buildSettings = {
				ASSETCATALOG_COMPILER_APPICON_NAME = AppIcon;
				ASSETCATALOG_COMPILER_LAUNCHIMAGE_NAME = LaunchImage;
				CLANG_ENABLE_MODULES = YES;
				"CODE_SIGN_IDENTITY[sdk=iphoneos*]" = "iPhone Distribution";
				CURRENT_PROJECT_VERSION = 170222.0315;
				DEVELOPMENT_TEAM = EAAM7UUL52;
				FRAMEWORK_SEARCH_PATHS = (
					"$(inherited)",
					"$(PROJECT_DIR)/AppData/build/Debug-iphoneos",
				);
				INFOPLIST_FILE = "xjf-ios-mvvm/Resources/Info.plist";
				IPHONEOS_DEPLOYMENT_TARGET = 8.0;
				LD_RUNPATH_SEARCH_PATHS = "$(inherited) @executable_path/Frameworks";
				PRODUCT_BUNDLE_IDENTIFIER = com.xijinfa.odyssey;
				PRODUCT_NAME = "$(TARGET_NAME)";
				PROVISIONING_PROFILE = "95668cbc-3a5b-46cf-8175-60d613b605f0";
				PROVISIONING_PROFILE_SPECIFIER = "match AppStore com.xijinfa.odyssey";
				SWIFT_OBJC_BRIDGING_HEADER = "xjf-ios-mvvm/Common/Views/iCarousel/xjf-ios-mvvm-Bridging-Header.h";
				SWIFT_OPTIMIZATION_LEVEL = "-Onone";
				SWIFT_VERSION = 3.0;
			};
			name = Debug;
		};
		EC9277631E1B90A800D12F0B /* Release */ = {
			isa = XCBuildConfiguration;
			baseConfigurationReference = 189412844BF999D831B90812 /* Pods-Dependency-xjf-ios-mvvm.release.xcconfig */;
			buildSettings = {
				ASSETCATALOG_COMPILER_APPICON_NAME = AppIcon;
				ASSETCATALOG_COMPILER_LAUNCHIMAGE_NAME = LaunchImage;
				CLANG_ENABLE_MODULES = YES;
				"CODE_SIGN_IDENTITY[sdk=iphoneos*]" = "iPhone Distribution";
				CURRENT_PROJECT_VERSION = 170222.0315;
				DEVELOPMENT_TEAM = EAAM7UUL52;
				FRAMEWORK_SEARCH_PATHS = (
					"$(inherited)",
					"$(PROJECT_DIR)/AppData/build/Debug-iphoneos",
				);
				INFOPLIST_FILE = "xjf-ios-mvvm/Resources/Info.plist";
				IPHONEOS_DEPLOYMENT_TARGET = 8.0;
				LD_RUNPATH_SEARCH_PATHS = "$(inherited) @executable_path/Frameworks";
				PRODUCT_BUNDLE_IDENTIFIER = com.xijinfa.odyssey;
				PRODUCT_NAME = "$(TARGET_NAME)";
				PROVISIONING_PROFILE = "95668cbc-3a5b-46cf-8175-60d613b605f0";
				PROVISIONING_PROFILE_SPECIFIER = "match AppStore com.xijinfa.odyssey";
				SWIFT_OBJC_BRIDGING_HEADER = "xjf-ios-mvvm/Common/Views/iCarousel/xjf-ios-mvvm-Bridging-Header.h";
				SWIFT_VERSION = 3.0;
			};
			name = Release;
		};
		ECA1DE721E31C33400E48DFD /* Debug */ = {
			isa = XCBuildConfiguration;
			buildSettings = {
				INFOPLIST_FILE = UITests/Info.plist;
				IPHONEOS_DEPLOYMENT_TARGET = 10.2;
				LD_RUNPATH_SEARCH_PATHS = "$(inherited) @executable_path/Frameworks @loader_path/Frameworks";
				PRODUCT_BUNDLE_IDENTIFIER = com.xijinfa.UITests;
				PRODUCT_NAME = "$(TARGET_NAME)";
				PROVISIONING_PROFILE = "95668cbc-3a5b-46cf-8175-60d613b605f0";
				SWIFT_VERSION = 3.0;
				TEST_TARGET_NAME = "xjf-ios-mvvm";
			};
			name = Debug;
		};
		ECA1DE731E31C33400E48DFD /* Release */ = {
			isa = XCBuildConfiguration;
			buildSettings = {
				INFOPLIST_FILE = UITests/Info.plist;
				IPHONEOS_DEPLOYMENT_TARGET = 10.2;
				LD_RUNPATH_SEARCH_PATHS = "$(inherited) @executable_path/Frameworks @loader_path/Frameworks";
				PRODUCT_BUNDLE_IDENTIFIER = com.xijinfa.UITests;
				PRODUCT_NAME = "$(TARGET_NAME)";
				PROVISIONING_PROFILE = "95668cbc-3a5b-46cf-8175-60d613b605f0";
				SWIFT_VERSION = 3.0;
				TEST_TARGET_NAME = "xjf-ios-mvvm";
			};
			name = Release;
		};
/* End XCBuildConfiguration section */

/* Begin XCConfigurationList section */
		EC92774A1E1B90A700D12F0B /* Build configuration list for PBXProject "xjf-ios-mvvm" */ = {
			isa = XCConfigurationList;
			buildConfigurations = (
				EC92775F1E1B90A800D12F0B /* Debug */,
				EC9277601E1B90A800D12F0B /* Release */,
			);
			defaultConfigurationIsVisible = 0;
			defaultConfigurationName = Release;
		};
		EC9277611E1B90A800D12F0B /* Build configuration list for PBXNativeTarget "xjf-ios-mvvm" */ = {
			isa = XCConfigurationList;
			buildConfigurations = (
				EC9277621E1B90A800D12F0B /* Debug */,
				EC9277631E1B90A800D12F0B /* Release */,
			);
			defaultConfigurationIsVisible = 0;
			defaultConfigurationName = Release;
		};
		ECA1DE741E31C33400E48DFD /* Build configuration list for PBXNativeTarget "UITests" */ = {
			isa = XCConfigurationList;
			buildConfigurations = (
				ECA1DE721E31C33400E48DFD /* Debug */,
				ECA1DE731E31C33400E48DFD /* Release */,
			);
			defaultConfigurationIsVisible = 0;
			defaultConfigurationName = Release;
		};
/* End XCConfigurationList section */
	};
	rootObject = EC9277471E1B90A700D12F0B /* Project object */;
}
